// !$*UTF8*$!
{
	archiveVersion = 1;
	classes = {
	};
	objectVersion = 56;
	objects = {

/* Begin PBXBuildFile section */
		2FF0ACC42AAAFA3C0033AEEB /* ProfileView.swift in Sources */ = {isa = PBXBuildFile; fileRef = 2FF0ACC32AAAFA3C0033AEEB /* ProfileView.swift */; };
		2FF0ACC62AAB05120033AEEB /* ProfileToolBar.swift in Sources */ = {isa = PBXBuildFile; fileRef = 2FF0ACC52AAB05120033AEEB /* ProfileToolBar.swift */; };
		9941534C2AAEC6AC001815C5 /* CustomCorner.swift in Sources */ = {isa = PBXBuildFile; fileRef = 9941534B2AAEC6AC001815C5 /* CustomCorner.swift */; };
		9941534E2AAEC819001815C5 /* GoogleService-Info.plist in Resources */ = {isa = PBXBuildFile; fileRef = 9941534D2AAEC819001815C5 /* GoogleService-Info.plist */; };
		994153512AAEC873001815C5 /* FirebaseAuth in Frameworks */ = {isa = PBXBuildFile; productRef = 994153502AAEC873001815C5 /* FirebaseAuth */; };
		994153532AAEC873001815C5 /* FirebaseFirestore in Frameworks */ = {isa = PBXBuildFile; productRef = 994153522AAEC873001815C5 /* FirebaseFirestore */; };
		994153552AAEC873001815C5 /* FirebaseFirestoreCombine-Community in Frameworks */ = {isa = PBXBuildFile; productRef = 994153542AAEC873001815C5 /* FirebaseFirestoreCombine-Community */; };
		994153572AAEC873001815C5 /* FirebaseFirestoreSwift in Frameworks */ = {isa = PBXBuildFile; productRef = 994153562AAEC873001815C5 /* FirebaseFirestoreSwift */; };
		994153592AAEC873001815C5 /* FirebaseStorage in Frameworks */ = {isa = PBXBuildFile; productRef = 994153582AAEC873001815C5 /* FirebaseStorage */; };
		9941535B2AAEC873001815C5 /* FirebaseStorageCombine-Community in Frameworks */ = {isa = PBXBuildFile; productRef = 9941535A2AAEC873001815C5 /* FirebaseStorageCombine-Community */; };
		E10C0E292AAAEDBD00AEB220 /* Assets.xcassets in Resources */ = {isa = PBXBuildFile; fileRef = E10C0E282AAAEDBD00AEB220 /* Assets.xcassets */; };
		E10C0E2C2AAAEDBD00AEB220 /* Preview Assets.xcassets in Resources */ = {isa = PBXBuildFile; fileRef = E10C0E2B2AAAEDBD00AEB220 /* Preview Assets.xcassets */; };
		E10C0E412AAAF53E00AEB220 /* CustomTextField.swift in Sources */ = {isa = PBXBuildFile; fileRef = E10C0E402AAAF53E00AEB220 /* CustomTextField.swift */; };
		E10C0E432AAAFFA300AEB220 /* Login.swift in Sources */ = {isa = PBXBuildFile; fileRef = E10C0E422AAAFFA300AEB220 /* Login.swift */; };
		E10C0E452AAB1DDA00AEB220 /* SignUp.swift in Sources */ = {isa = PBXBuildFile; fileRef = E10C0E442AAB1DDA00AEB220 /* SignUp.swift */; };
		E12FA0262AAC2915007890A3 /* Main.swift in Sources */ = {isa = PBXBuildFile; fileRef = E12FA0252AAC2915007890A3 /* Main.swift */; };
		E12FA0292AAC2963007890A3 /* UserModel.swift in Sources */ = {isa = PBXBuildFile; fileRef = E12FA0282AAC2963007890A3 /* UserModel.swift */; };
		E12FA0302AAC29A0007890A3 /* AuthenticationViewModel.swift in Sources */ = {isa = PBXBuildFile; fileRef = E12FA02F2AAC29A0007890A3 /* AuthenticationViewModel.swift */; };
		E12FA0362AAC2EE3007890A3 /* HomeView.swift in Sources */ = {isa = PBXBuildFile; fileRef = E12FA0352AAC2EE3007890A3 /* HomeView.swift */; };
		E12FA0382AAC2EEE007890A3 /* PostView.swift in Sources */ = {isa = PBXBuildFile; fileRef = E12FA0372AAC2EEE007890A3 /* PostView.swift */; };
		E12FA03A2AAC2EFB007890A3 /* StoryView.swift in Sources */ = {isa = PBXBuildFile; fileRef = E12FA0392AAC2EFB007890A3 /* StoryView.swift */; };
		E17E8CDB2AAC496F00EF5EFB /* CustomAlertView.swift in Sources */ = {isa = PBXBuildFile; fileRef = E17E8CDA2AAC496F00EF5EFB /* CustomAlertView.swift */; };
		E17E8CE12AAC6ABF00EF5EFB /* SettingModel.swift in Sources */ = {isa = PBXBuildFile; fileRef = E17E8CE02AAC6ABF00EF5EFB /* SettingModel.swift */; };
		E17E8CE32AAC6B5200EF5EFB /* PostModel.swift in Sources */ = {isa = PBXBuildFile; fileRef = E17E8CE22AAC6B5200EF5EFB /* PostModel.swift */; };
		E17E8CE52AAC6C5800EF5EFB /* CommentModel.swift in Sources */ = {isa = PBXBuildFile; fileRef = E17E8CE42AAC6C5800EF5EFB /* CommentModel.swift */; };
		E17E8CE72AAC6CA400EF5EFB /* StoryModel.swift in Sources */ = {isa = PBXBuildFile; fileRef = E17E8CE62AAC6CA400EF5EFB /* StoryModel.swift */; };
		E17E8CF82AAC85E500EF5EFB /* ProfileInfoBlock.swift in Sources */ = {isa = PBXBuildFile; fileRef = E17E8CF62AAC85E500EF5EFB /* ProfileInfoBlock.swift */; };
		E17E8CF92AAC85E500EF5EFB /* PostGridView.swift in Sources */ = {isa = PBXBuildFile; fileRef = E17E8CF72AAC85E500EF5EFB /* PostGridView.swift */; };
		E19D96832AAB2C0000E2CFAC /* Extension+String.swift in Sources */ = {isa = PBXBuildFile; fileRef = E19D96822AAB2C0000E2CFAC /* Extension+String.swift */; };
		E1BB6F142AAEBE0100051687 /* AboutUsView.swift in Sources */ = {isa = PBXBuildFile; fileRef = E1BB6F062AAEBDA900051687 /* AboutUsView.swift */; };
		E1BB6F152AAEBE0500051687 /* PersonalAboutUs.swift in Sources */ = {isa = PBXBuildFile; fileRef = E1BB6F072AAEBDA900051687 /* PersonalAboutUs.swift */; };
		E1BB6F1E2AAEBEE900051687 /* SplashScreen.swift in Sources */ = {isa = PBXBuildFile; fileRef = E1BB6F092AAEBDA900051687 /* SplashScreen.swift */; };
		E1BB6F1F2AAEBF0E00051687 /* SettingView.swift in Sources */ = {isa = PBXBuildFile; fileRef = E1BB6F132AAEBDA900051687 /* SettingView.swift */; };
		E1BB6F202AAEC01800051687 /* PersonalChat.swift in Sources */ = {isa = PBXBuildFile; fileRef = E1BB6F0B2AAEBDA900051687 /* PersonalChat.swift */; };
		E1BB6F212AAEC01A00051687 /* PreviewUserChat.swift in Sources */ = {isa = PBXBuildFile; fileRef = E1BB6F0C2AAEBDA900051687 /* PreviewUserChat.swift */; };
		E1BB6F222AAEC01D00051687 /* UserActiveChat.swift in Sources */ = {isa = PBXBuildFile; fileRef = E1BB6F0D2AAEBDA900051687 /* UserActiveChat.swift */; };
		E1BB6F232AAEC01F00051687 /* AllChat.swift in Sources */ = {isa = PBXBuildFile; fileRef = E1BB6F0E2AAEBDA900051687 /* AllChat.swift */; };
		E1BB6F252AAEC12F00051687 /* HomeViewModel.swift in Sources */ = {isa = PBXBuildFile; fileRef = E1BB6F242AAEC12F00051687 /* HomeViewModel.swift */; };
		E1BB6F2C2AAEC1C700051687 /* FollowingRow.swift in Sources */ = {isa = PBXBuildFile; fileRef = E1BB6F272AAEC1C700051687 /* FollowingRow.swift */; };
		E1BB6F2D2AAEC1C700051687 /* FollowerList.swift in Sources */ = {isa = PBXBuildFile; fileRef = E1BB6F282AAEC1C700051687 /* FollowerList.swift */; };
		E1BB6F2E2AAEC1C700051687 /* FollowingList.swift in Sources */ = {isa = PBXBuildFile; fileRef = E1BB6F292AAEC1C700051687 /* FollowingList.swift */; };
		E1BB6F2F2AAEC1C700051687 /* FollowerRow.swift in Sources */ = {isa = PBXBuildFile; fileRef = E1BB6F2A2AAEC1C700051687 /* FollowerRow.swift */; };
		E1BB6F302AAEC1C700051687 /* FollowView.swift in Sources */ = {isa = PBXBuildFile; fileRef = E1BB6F2B2AAEC1C700051687 /* FollowView.swift */; };
		E1BB6F322AAEC1DF00051687 /* FollowViewModel.swift in Sources */ = {isa = PBXBuildFile; fileRef = E1BB6F312AAEC1DF00051687 /* FollowViewModel.swift */; };
		E1CED5132AAB42BB00F7F94E /* Constants.swift in Sources */ = {isa = PBXBuildFile; fileRef = E1CED5122AAB42BB00F7F94E /* Constants.swift */; };
/* End PBXBuildFile section */

/* Begin PBXFileReference section */
		2FF0ACC32AAAFA3C0033AEEB /* ProfileView.swift */ = {isa = PBXFileReference; lastKnownFileType = sourcecode.swift; path = ProfileView.swift; sourceTree = "<group>"; };
		2FF0ACC52AAB05120033AEEB /* ProfileToolBar.swift */ = {isa = PBXFileReference; lastKnownFileType = sourcecode.swift; path = ProfileToolBar.swift; sourceTree = "<group>"; };
		9941534B2AAEC6AC001815C5 /* CustomCorner.swift */ = {isa = PBXFileReference; fileEncoding = 4; lastKnownFileType = sourcecode.swift; name = CustomCorner.swift; path = ../../../CustomCorner.swift; sourceTree = "<group>"; };
		9941534D2AAEC819001815C5 /* GoogleService-Info.plist */ = {isa = PBXFileReference; fileEncoding = 4; lastKnownFileType = text.plist.xml; path = "GoogleService-Info.plist"; sourceTree = "<group>"; };
		E10C0E212AAAEDBC00AEB220 /* Prismm.app */ = {isa = PBXFileReference; explicitFileType = wrapper.application; includeInIndex = 0; path = Prismm.app; sourceTree = BUILT_PRODUCTS_DIR; };
		E10C0E282AAAEDBD00AEB220 /* Assets.xcassets */ = {isa = PBXFileReference; lastKnownFileType = folder.assetcatalog; path = Assets.xcassets; sourceTree = "<group>"; };
		E10C0E2B2AAAEDBD00AEB220 /* Preview Assets.xcassets */ = {isa = PBXFileReference; lastKnownFileType = folder.assetcatalog; path = "Preview Assets.xcassets"; sourceTree = "<group>"; };
		E10C0E402AAAF53E00AEB220 /* CustomTextField.swift */ = {isa = PBXFileReference; lastKnownFileType = sourcecode.swift; path = CustomTextField.swift; sourceTree = "<group>"; };
		E10C0E422AAAFFA300AEB220 /* Login.swift */ = {isa = PBXFileReference; lastKnownFileType = sourcecode.swift; path = Login.swift; sourceTree = "<group>"; };
		E10C0E442AAB1DDA00AEB220 /* SignUp.swift */ = {isa = PBXFileReference; lastKnownFileType = sourcecode.swift; path = SignUp.swift; sourceTree = "<group>"; };
		E12FA0252AAC2915007890A3 /* Main.swift */ = {isa = PBXFileReference; lastKnownFileType = sourcecode.swift; path = Main.swift; sourceTree = "<group>"; };
		E12FA0282AAC2963007890A3 /* UserModel.swift */ = {isa = PBXFileReference; lastKnownFileType = sourcecode.swift; path = UserModel.swift; sourceTree = "<group>"; };
		E12FA02F2AAC29A0007890A3 /* AuthenticationViewModel.swift */ = {isa = PBXFileReference; lastKnownFileType = sourcecode.swift; path = AuthenticationViewModel.swift; sourceTree = "<group>"; };
		E12FA0352AAC2EE3007890A3 /* HomeView.swift */ = {isa = PBXFileReference; fileEncoding = 4; lastKnownFileType = sourcecode.swift; path = HomeView.swift; sourceTree = "<group>"; };
		E12FA0372AAC2EEE007890A3 /* PostView.swift */ = {isa = PBXFileReference; fileEncoding = 4; lastKnownFileType = sourcecode.swift; path = PostView.swift; sourceTree = "<group>"; };
		E12FA0392AAC2EFB007890A3 /* StoryView.swift */ = {isa = PBXFileReference; fileEncoding = 4; lastKnownFileType = sourcecode.swift; path = StoryView.swift; sourceTree = "<group>"; };
		E17CBF572AAB25DA004A97E7 /* Info.plist */ = {isa = PBXFileReference; lastKnownFileType = text.plist; path = Info.plist; sourceTree = "<group>"; };
		E17E8CDA2AAC496F00EF5EFB /* CustomAlertView.swift */ = {isa = PBXFileReference; lastKnownFileType = sourcecode.swift; path = CustomAlertView.swift; sourceTree = "<group>"; };
		E17E8CE02AAC6ABF00EF5EFB /* SettingModel.swift */ = {isa = PBXFileReference; lastKnownFileType = sourcecode.swift; path = SettingModel.swift; sourceTree = "<group>"; };
		E17E8CE22AAC6B5200EF5EFB /* PostModel.swift */ = {isa = PBXFileReference; lastKnownFileType = sourcecode.swift; path = PostModel.swift; sourceTree = "<group>"; };
		E17E8CE42AAC6C5800EF5EFB /* CommentModel.swift */ = {isa = PBXFileReference; lastKnownFileType = sourcecode.swift; path = CommentModel.swift; sourceTree = "<group>"; };
		E17E8CE62AAC6CA400EF5EFB /* StoryModel.swift */ = {isa = PBXFileReference; lastKnownFileType = sourcecode.swift; path = StoryModel.swift; sourceTree = "<group>"; };
		E17E8CF62AAC85E500EF5EFB /* ProfileInfoBlock.swift */ = {isa = PBXFileReference; fileEncoding = 4; lastKnownFileType = sourcecode.swift; path = ProfileInfoBlock.swift; sourceTree = "<group>"; };
		E17E8CF72AAC85E500EF5EFB /* PostGridView.swift */ = {isa = PBXFileReference; fileEncoding = 4; lastKnownFileType = sourcecode.swift; path = PostGridView.swift; sourceTree = "<group>"; };
		E19D96822AAB2C0000E2CFAC /* Extension+String.swift */ = {isa = PBXFileReference; lastKnownFileType = sourcecode.swift; path = "Extension+String.swift"; sourceTree = "<group>"; };
		E1BB6F062AAEBDA900051687 /* AboutUsView.swift */ = {isa = PBXFileReference; lastKnownFileType = sourcecode.swift; path = AboutUsView.swift; sourceTree = "<group>"; };
		E1BB6F072AAEBDA900051687 /* PersonalAboutUs.swift */ = {isa = PBXFileReference; lastKnownFileType = sourcecode.swift; path = PersonalAboutUs.swift; sourceTree = "<group>"; };
		E1BB6F092AAEBDA900051687 /* SplashScreen.swift */ = {isa = PBXFileReference; lastKnownFileType = sourcecode.swift; path = SplashScreen.swift; sourceTree = "<group>"; };
		E1BB6F0B2AAEBDA900051687 /* PersonalChat.swift */ = {isa = PBXFileReference; lastKnownFileType = sourcecode.swift; path = PersonalChat.swift; sourceTree = "<group>"; };
		E1BB6F0C2AAEBDA900051687 /* PreviewUserChat.swift */ = {isa = PBXFileReference; lastKnownFileType = sourcecode.swift; path = PreviewUserChat.swift; sourceTree = "<group>"; };
		E1BB6F0D2AAEBDA900051687 /* UserActiveChat.swift */ = {isa = PBXFileReference; lastKnownFileType = sourcecode.swift; path = UserActiveChat.swift; sourceTree = "<group>"; };
		E1BB6F0E2AAEBDA900051687 /* AllChat.swift */ = {isa = PBXFileReference; lastKnownFileType = sourcecode.swift; path = AllChat.swift; sourceTree = "<group>"; };
		E1BB6F102AAEBDA900051687 /* progressBarController.swift */ = {isa = PBXFileReference; lastKnownFileType = sourcecode.swift; path = progressBarController.swift; sourceTree = "<group>"; };
		E1BB6F112AAEBDA900051687 /* Launch Screen.storyboard */ = {isa = PBXFileReference; lastKnownFileType = file.storyboard; path = "Launch Screen.storyboard"; sourceTree = "<group>"; };
		E1BB6F132AAEBDA900051687 /* SettingView.swift */ = {isa = PBXFileReference; lastKnownFileType = sourcecode.swift; path = SettingView.swift; sourceTree = "<group>"; };
		E1BB6F242AAEC12F00051687 /* HomeViewModel.swift */ = {isa = PBXFileReference; fileEncoding = 4; lastKnownFileType = sourcecode.swift; path = HomeViewModel.swift; sourceTree = "<group>"; };
		E1BB6F272AAEC1C700051687 /* FollowingRow.swift */ = {isa = PBXFileReference; fileEncoding = 4; lastKnownFileType = sourcecode.swift; path = FollowingRow.swift; sourceTree = "<group>"; };
		E1BB6F282AAEC1C700051687 /* FollowerList.swift */ = {isa = PBXFileReference; fileEncoding = 4; lastKnownFileType = sourcecode.swift; path = FollowerList.swift; sourceTree = "<group>"; };
		E1BB6F292AAEC1C700051687 /* FollowingList.swift */ = {isa = PBXFileReference; fileEncoding = 4; lastKnownFileType = sourcecode.swift; path = FollowingList.swift; sourceTree = "<group>"; };
		E1BB6F2A2AAEC1C700051687 /* FollowerRow.swift */ = {isa = PBXFileReference; fileEncoding = 4; lastKnownFileType = sourcecode.swift; path = FollowerRow.swift; sourceTree = "<group>"; };
		E1BB6F2B2AAEC1C700051687 /* FollowView.swift */ = {isa = PBXFileReference; fileEncoding = 4; lastKnownFileType = sourcecode.swift; path = FollowView.swift; sourceTree = "<group>"; };
		E1BB6F312AAEC1DF00051687 /* FollowViewModel.swift */ = {isa = PBXFileReference; fileEncoding = 4; lastKnownFileType = sourcecode.swift; path = FollowViewModel.swift; sourceTree = "<group>"; };
		E1BB6F352AAEC4C800051687 /* junegull_rg.ttf */ = {isa = PBXFileReference; lastKnownFileType = file; path = junegull_rg.ttf; sourceTree = "<group>"; };
		E1CED5122AAB42BB00F7F94E /* Constants.swift */ = {isa = PBXFileReference; lastKnownFileType = sourcecode.swift; path = Constants.swift; sourceTree = "<group>"; };
/* End PBXFileReference section */

/* Begin PBXFrameworksBuildPhase section */
		E10C0E1E2AAAEDBC00AEB220 /* Frameworks */ = {
			isa = PBXFrameworksBuildPhase;
			buildActionMask = 2147483647;
			files = (
				994153552AAEC873001815C5 /* FirebaseFirestoreCombine-Community in Frameworks */,
				994153512AAEC873001815C5 /* FirebaseAuth in Frameworks */,
				994153532AAEC873001815C5 /* FirebaseFirestore in Frameworks */,
				994153592AAEC873001815C5 /* FirebaseStorage in Frameworks */,
				9941535B2AAEC873001815C5 /* FirebaseStorageCombine-Community in Frameworks */,
				994153572AAEC873001815C5 /* FirebaseFirestoreSwift in Frameworks */,
			);
			runOnlyForDeploymentPostprocessing = 0;
		};
/* End PBXFrameworksBuildPhase section */

/* Begin PBXGroup section */
		E10C0E182AAAEDBC00AEB220 = {
			isa = PBXGroup;
			children = (
				E12FA0252AAC2915007890A3 /* Main.swift */,
				E10C0E232AAAEDBC00AEB220 /* Prismm */,
				E10C0E222AAAEDBC00AEB220 /* Products */,
			);
			sourceTree = "<group>";
		};
		E10C0E222AAAEDBC00AEB220 /* Products */ = {
			isa = PBXGroup;
			children = (
				E10C0E212AAAEDBC00AEB220 /* Prismm.app */,
			);
			name = Products;
			sourceTree = "<group>";
		};
		E10C0E232AAAEDBC00AEB220 /* Prismm */ = {
			isa = PBXGroup;
			children = (
				E1CED5112AAB42A700F7F94E /* Constants */,
				E19D96812AAB2BEE00E2CFAC /* Extensions */,
				E17CBF572AAB25DA004A97E7 /* Info.plist */,
				9941534D2AAEC819001815C5 /* GoogleService-Info.plist */,
				E10C0E342AAAEF5900AEB220 /* Utilities */,
				E10C0E332AAAEF4400AEB220 /* Components */,
				E10C0E322AAAEF3000AEB220 /* Assets */,
				E10C0E2A2AAAEDBD00AEB220 /* Preview Content */,
			);
			path = Prismm;
			sourceTree = "<group>";
		};
		E10C0E2A2AAAEDBD00AEB220 /* Preview Content */ = {
			isa = PBXGroup;
			children = (
				E10C0E2B2AAAEDBD00AEB220 /* Preview Assets.xcassets */,
			);
			path = "Preview Content";
			sourceTree = "<group>";
		};
		E10C0E322AAAEF3000AEB220 /* Assets */ = {
			isa = PBXGroup;
			children = (
				E1BB6F332AAEC41600051687 /* Fonts */,
				E10C0E282AAAEDBD00AEB220 /* Assets.xcassets */,
			);
			path = Assets;
			sourceTree = "<group>";
		};
		E10C0E332AAAEF4400AEB220 /* Components */ = {
			isa = PBXGroup;
			children = (
				E12FA02E2AAC298A007890A3 /* ViewModels */,
				E12FA0272AAC2953007890A3 /* Models */,
				E10C0E372AAAEF7C00AEB220 /* Custom */,
				E10C0E362AAAEF6E00AEB220 /* Views */,
			);
			path = Components;
			sourceTree = "<group>";
		};
		E10C0E342AAAEF5900AEB220 /* Utilities */ = {
			isa = PBXGroup;
			children = (
			);
			path = Utilities;
			sourceTree = "<group>";
		};
		E10C0E362AAAEF6E00AEB220 /* Views */ = {
			isa = PBXGroup;
			children = (
				E1BB6F262AAEC1A500051687 /* Follow */,
				E1BB6F052AAEBDA900051687 /* AboutUs */,
				E1BB6F0A2AAEBDA900051687 /* ChatView */,
				E1BB6F0F2AAEBDA900051687 /* LaunchScreen */,
				E1BB6F122AAEBDA900051687 /* SettingView */,
				E1BB6F082AAEBDA900051687 /* SplashScreen */,
				E12FA0342AAC2EC7007890A3 /* Home */,
				E12FA0332AAC2EB7007890A3 /* Profile */,
				E12FA0312AAC2E9F007890A3 /* Authentication */,
			);
			path = Views;
			sourceTree = "<group>";
		};
		E10C0E372AAAEF7C00AEB220 /* Custom */ = {
			isa = PBXGroup;
			children = (
				E10C0E402AAAF53E00AEB220 /* CustomTextField.swift */,
				E17E8CDA2AAC496F00EF5EFB /* CustomAlertView.swift */,
			);
			path = Custom;
			sourceTree = "<group>";
		};
		E12FA0272AAC2953007890A3 /* Models */ = {
			isa = PBXGroup;
			children = (
				E12FA0282AAC2963007890A3 /* UserModel.swift */,
				E17E8CE02AAC6ABF00EF5EFB /* SettingModel.swift */,
				E17E8CE22AAC6B5200EF5EFB /* PostModel.swift */,
				E17E8CE42AAC6C5800EF5EFB /* CommentModel.swift */,
				E17E8CE62AAC6CA400EF5EFB /* StoryModel.swift */,
			);
			path = Models;
			sourceTree = "<group>";
		};
		E12FA02E2AAC298A007890A3 /* ViewModels */ = {
			isa = PBXGroup;
			children = (
				E12FA02F2AAC29A0007890A3 /* AuthenticationViewModel.swift */,
				E1BB6F242AAEC12F00051687 /* HomeViewModel.swift */,
				E1BB6F312AAEC1DF00051687 /* FollowViewModel.swift */,
			);
			path = ViewModels;
			sourceTree = "<group>";
		};
		E12FA0312AAC2E9F007890A3 /* Authentication */ = {
			isa = PBXGroup;
			children = (
				E10C0E422AAAFFA300AEB220 /* Login.swift */,
				E10C0E442AAB1DDA00AEB220 /* SignUp.swift */,
			);
			path = Authentication;
			sourceTree = "<group>";
		};
		E12FA0332AAC2EB7007890A3 /* Profile */ = {
			isa = PBXGroup;
			children = (
				E17E8CF72AAC85E500EF5EFB /* PostGridView.swift */,
				E17E8CF62AAC85E500EF5EFB /* ProfileInfoBlock.swift */,
				2FF0ACC52AAB05120033AEEB /* ProfileToolBar.swift */,
				2FF0ACC32AAAFA3C0033AEEB /* ProfileView.swift */,
			);
			path = Profile;
			sourceTree = "<group>";
		};
		E12FA0342AAC2EC7007890A3 /* Home */ = {
			isa = PBXGroup;
			children = (
				E12FA0352AAC2EE3007890A3 /* HomeView.swift */,
				E12FA0372AAC2EEE007890A3 /* PostView.swift */,
				E12FA0392AAC2EFB007890A3 /* StoryView.swift */,
			);
			path = Home;
			sourceTree = "<group>";
		};
		E19D96812AAB2BEE00E2CFAC /* Extensions */ = {
			isa = PBXGroup;
			children = (
				E19D96822AAB2C0000E2CFAC /* Extension+String.swift */,
				9941534B2AAEC6AC001815C5 /* CustomCorner.swift */,
			);
			path = Extensions;
			sourceTree = "<group>";
		};
		E1BB6F052AAEBDA900051687 /* AboutUs */ = {
			isa = PBXGroup;
			children = (
				E1BB6F062AAEBDA900051687 /* AboutUsView.swift */,
				E1BB6F072AAEBDA900051687 /* PersonalAboutUs.swift */,
			);
			path = AboutUs;
			sourceTree = "<group>";
		};
		E1BB6F082AAEBDA900051687 /* SplashScreen */ = {
			isa = PBXGroup;
			children = (
				E1BB6F092AAEBDA900051687 /* SplashScreen.swift */,
			);
			path = SplashScreen;
			sourceTree = "<group>";
		};
		E1BB6F0A2AAEBDA900051687 /* ChatView */ = {
			isa = PBXGroup;
			children = (
				E1BB6F0B2AAEBDA900051687 /* PersonalChat.swift */,
				E1BB6F0C2AAEBDA900051687 /* PreviewUserChat.swift */,
				E1BB6F0D2AAEBDA900051687 /* UserActiveChat.swift */,
				E1BB6F0E2AAEBDA900051687 /* AllChat.swift */,
			);
			path = ChatView;
			sourceTree = "<group>";
		};
		E1BB6F0F2AAEBDA900051687 /* LaunchScreen */ = {
			isa = PBXGroup;
			children = (
				E1BB6F102AAEBDA900051687 /* progressBarController.swift */,
				E1BB6F112AAEBDA900051687 /* Launch Screen.storyboard */,
			);
			path = LaunchScreen;
			sourceTree = "<group>";
		};
		E1BB6F122AAEBDA900051687 /* SettingView */ = {
			isa = PBXGroup;
			children = (
				E1BB6F132AAEBDA900051687 /* SettingView.swift */,
			);
			path = SettingView;
			sourceTree = "<group>";
		};
		E1BB6F262AAEC1A500051687 /* Follow */ = {
			isa = PBXGroup;
			children = (
				E1BB6F282AAEC1C700051687 /* FollowerList.swift */,
				E1BB6F2A2AAEC1C700051687 /* FollowerRow.swift */,
				E1BB6F292AAEC1C700051687 /* FollowingList.swift */,
				E1BB6F272AAEC1C700051687 /* FollowingRow.swift */,
				E1BB6F2B2AAEC1C700051687 /* FollowView.swift */,
			);
			path = Follow;
			sourceTree = "<group>";
		};
		E1BB6F332AAEC41600051687 /* Fonts */ = {
			isa = PBXGroup;
			children = (
				E1BB6F352AAEC4C800051687 /* junegull_rg.ttf */,
			);
			path = Fonts;
			sourceTree = "<group>";
		};
		E1CED5112AAB42A700F7F94E /* Constants */ = {
			isa = PBXGroup;
			children = (
				E1CED5122AAB42BB00F7F94E /* Constants.swift */,
			);
			path = Constants;
			sourceTree = "<group>";
		};
/* End PBXGroup section */

/* Begin PBXNativeTarget section */
		E10C0E202AAAEDBC00AEB220 /* Prismm */ = {
			isa = PBXNativeTarget;
			buildConfigurationList = E10C0E2F2AAAEDBD00AEB220 /* Build configuration list for PBXNativeTarget "Prismm" */;
			buildPhases = (
				E10C0E1D2AAAEDBC00AEB220 /* Sources */,
				E10C0E1E2AAAEDBC00AEB220 /* Frameworks */,
				E10C0E1F2AAAEDBC00AEB220 /* Resources */,
			);
			buildRules = (
			);
			dependencies = (
			);
			name = Prismm;
			packageProductDependencies = (
				994153502AAEC873001815C5 /* FirebaseAuth */,
				994153522AAEC873001815C5 /* FirebaseFirestore */,
				994153542AAEC873001815C5 /* FirebaseFirestoreCombine-Community */,
				994153562AAEC873001815C5 /* FirebaseFirestoreSwift */,
				994153582AAEC873001815C5 /* FirebaseStorage */,
				9941535A2AAEC873001815C5 /* FirebaseStorageCombine-Community */,
			);
			productName = Prismm;
			productReference = E10C0E212AAAEDBC00AEB220 /* Prismm.app */;
			productType = "com.apple.product-type.application";
		};
/* End PBXNativeTarget section */

/* Begin PBXProject section */
		E10C0E192AAAEDBC00AEB220 /* Project object */ = {
			isa = PBXProject;
			attributes = {
				BuildIndependentTargetsInParallel = 1;
				LastSwiftUpdateCheck = 1430;
				LastUpgradeCheck = 1430;
				TargetAttributes = {
					E10C0E202AAAEDBC00AEB220 = {
						CreatedOnToolsVersion = 14.3.1;
					};
				};
			};
			buildConfigurationList = E10C0E1C2AAAEDBC00AEB220 /* Build configuration list for PBXProject "Prismm" */;
			compatibilityVersion = "Xcode 14.0";
			developmentRegion = en;
			hasScannedForEncodings = 0;
			knownRegions = (
				en,
				Base,
			);
			mainGroup = E10C0E182AAAEDBC00AEB220;
			packageReferences = (
				9941534F2AAEC873001815C5 /* XCRemoteSwiftPackageReference "firebase-ios-sdk" */,
			);
			productRefGroup = E10C0E222AAAEDBC00AEB220 /* Products */;
			projectDirPath = "";
			projectRoot = "";
			targets = (
				E10C0E202AAAEDBC00AEB220 /* Prismm */,
			);
		};
/* End PBXProject section */

/* Begin PBXResourcesBuildPhase section */
		E10C0E1F2AAAEDBC00AEB220 /* Resources */ = {
			isa = PBXResourcesBuildPhase;
			buildActionMask = 2147483647;
			files = (
				E10C0E2C2AAAEDBD00AEB220 /* Preview Assets.xcassets in Resources */,
				E10C0E292AAAEDBD00AEB220 /* Assets.xcassets in Resources */,
				9941534E2AAEC819001815C5 /* GoogleService-Info.plist in Resources */,
			);
			runOnlyForDeploymentPostprocessing = 0;
		};
/* End PBXResourcesBuildPhase section */

/* Begin PBXSourcesBuildPhase section */
		E10C0E1D2AAAEDBC00AEB220 /* Sources */ = {
			isa = PBXSourcesBuildPhase;
			buildActionMask = 2147483647;
			files = (
				E1BB6F1E2AAEBEE900051687 /* SplashScreen.swift in Sources */,
				E12FA0262AAC2915007890A3 /* Main.swift in Sources */,
				E17E8CE32AAC6B5200EF5EFB /* PostModel.swift in Sources */,
				E1BB6F302AAEC1C700051687 /* FollowView.swift in Sources */,
				E1BB6F232AAEC01F00051687 /* AllChat.swift in Sources */,
				E1BB6F2F2AAEC1C700051687 /* FollowerRow.swift in Sources */,
				E10C0E412AAAF53E00AEB220 /* CustomTextField.swift in Sources */,
				E19D96832AAB2C0000E2CFAC /* Extension+String.swift in Sources */,
				E1BB6F2C2AAEC1C700051687 /* FollowingRow.swift in Sources */,
				E10C0E452AAB1DDA00AEB220 /* SignUp.swift in Sources */,
				E1BB6F1F2AAEBF0E00051687 /* SettingView.swift in Sources */,
				E1BB6F322AAEC1DF00051687 /* FollowViewModel.swift in Sources */,
				E1BB6F152AAEBE0500051687 /* PersonalAboutUs.swift in Sources */,
				E10C0E432AAAFFA300AEB220 /* Login.swift in Sources */,
				E17E8CE12AAC6ABF00EF5EFB /* SettingModel.swift in Sources */,
				E12FA0362AAC2EE3007890A3 /* HomeView.swift in Sources */,
				E1BB6F252AAEC12F00051687 /* HomeViewModel.swift in Sources */,
				E17E8CF92AAC85E500EF5EFB /* PostGridView.swift in Sources */,
				E12FA03A2AAC2EFB007890A3 /* StoryView.swift in Sources */,
				E1BB6F222AAEC01D00051687 /* UserActiveChat.swift in Sources */,
				E1CED5132AAB42BB00F7F94E /* Constants.swift in Sources */,
				E1BB6F2D2AAEC1C700051687 /* FollowerList.swift in Sources */,
				E1BB6F202AAEC01800051687 /* PersonalChat.swift in Sources */,
				9941534C2AAEC6AC001815C5 /* CustomCorner.swift in Sources */,
				E17E8CE52AAC6C5800EF5EFB /* CommentModel.swift in Sources */,
				E17E8CE72AAC6CA400EF5EFB /* StoryModel.swift in Sources */,
				E1BB6F142AAEBE0100051687 /* AboutUsView.swift in Sources */,
				E12FA0382AAC2EEE007890A3 /* PostView.swift in Sources */,
				E12FA0302AAC29A0007890A3 /* AuthenticationViewModel.swift in Sources */,
				2FF0ACC62AAB05120033AEEB /* ProfileToolBar.swift in Sources */,
				E1BB6F2E2AAEC1C700051687 /* FollowingList.swift in Sources */,
				E12FA0292AAC2963007890A3 /* UserModel.swift in Sources */,
				E17E8CDB2AAC496F00EF5EFB /* CustomAlertView.swift in Sources */,
				2FF0ACC42AAAFA3C0033AEEB /* ProfileView.swift in Sources */,
				E1BB6F212AAEC01A00051687 /* PreviewUserChat.swift in Sources */,
				E17E8CF82AAC85E500EF5EFB /* ProfileInfoBlock.swift in Sources */,
			);
			runOnlyForDeploymentPostprocessing = 0;
		};
/* End PBXSourcesBuildPhase section */

/* Begin XCBuildConfiguration section */
		E10C0E2D2AAAEDBD00AEB220 /* Debug */ = {
			isa = XCBuildConfiguration;
			buildSettings = {
				ALWAYS_SEARCH_USER_PATHS = NO;
				CLANG_ANALYZER_NONNULL = YES;
				CLANG_ANALYZER_NUMBER_OBJECT_CONVERSION = YES_AGGRESSIVE;
				CLANG_CXX_LANGUAGE_STANDARD = "gnu++20";
				CLANG_ENABLE_MODULES = YES;
				CLANG_ENABLE_OBJC_ARC = YES;
				CLANG_ENABLE_OBJC_WEAK = YES;
				CLANG_WARN_BLOCK_CAPTURE_AUTORELEASING = YES;
				CLANG_WARN_BOOL_CONVERSION = YES;
				CLANG_WARN_COMMA = YES;
				CLANG_WARN_CONSTANT_CONVERSION = YES;
				CLANG_WARN_DEPRECATED_OBJC_IMPLEMENTATIONS = YES;
				CLANG_WARN_DIRECT_OBJC_ISA_USAGE = YES_ERROR;
				CLANG_WARN_DOCUMENTATION_COMMENTS = YES;
				CLANG_WARN_EMPTY_BODY = YES;
				CLANG_WARN_ENUM_CONVERSION = YES;
				CLANG_WARN_INFINITE_RECURSION = YES;
				CLANG_WARN_INT_CONVERSION = YES;
				CLANG_WARN_NON_LITERAL_NULL_CONVERSION = YES;
				CLANG_WARN_OBJC_IMPLICIT_RETAIN_SELF = YES;
				CLANG_WARN_OBJC_LITERAL_CONVERSION = YES;
				CLANG_WARN_OBJC_ROOT_CLASS = YES_ERROR;
				CLANG_WARN_QUOTED_INCLUDE_IN_FRAMEWORK_HEADER = YES;
				CLANG_WARN_RANGE_LOOP_ANALYSIS = YES;
				CLANG_WARN_STRICT_PROTOTYPES = YES;
				CLANG_WARN_SUSPICIOUS_MOVE = YES;
				CLANG_WARN_UNGUARDED_AVAILABILITY = YES_AGGRESSIVE;
				CLANG_WARN_UNREACHABLE_CODE = YES;
				CLANG_WARN__DUPLICATE_METHOD_MATCH = YES;
				COPY_PHASE_STRIP = NO;
				DEBUG_INFORMATION_FORMAT = dwarf;
				ENABLE_STRICT_OBJC_MSGSEND = YES;
				ENABLE_TESTABILITY = YES;
				GCC_C_LANGUAGE_STANDARD = gnu11;
				GCC_DYNAMIC_NO_PIC = NO;
				GCC_NO_COMMON_BLOCKS = YES;
				GCC_OPTIMIZATION_LEVEL = 0;
				GCC_PREPROCESSOR_DEFINITIONS = (
					"DEBUG=1",
					"$(inherited)",
				);
				GCC_WARN_64_TO_32_BIT_CONVERSION = YES;
				GCC_WARN_ABOUT_RETURN_TYPE = YES_ERROR;
				GCC_WARN_UNDECLARED_SELECTOR = YES;
				GCC_WARN_UNINITIALIZED_AUTOS = YES_AGGRESSIVE;
				GCC_WARN_UNUSED_FUNCTION = YES;
				GCC_WARN_UNUSED_VARIABLE = YES;
				IPHONEOS_DEPLOYMENT_TARGET = 16.4;
				MTL_ENABLE_DEBUG_INFO = INCLUDE_SOURCE;
				MTL_FAST_MATH = YES;
				ONLY_ACTIVE_ARCH = YES;
				SDKROOT = iphoneos;
				SWIFT_ACTIVE_COMPILATION_CONDITIONS = DEBUG;
				SWIFT_OPTIMIZATION_LEVEL = "-Onone";
			};
			name = Debug;
		};
		E10C0E2E2AAAEDBD00AEB220 /* Release */ = {
			isa = XCBuildConfiguration;
			buildSettings = {
				ALWAYS_SEARCH_USER_PATHS = NO;
				CLANG_ANALYZER_NONNULL = YES;
				CLANG_ANALYZER_NUMBER_OBJECT_CONVERSION = YES_AGGRESSIVE;
				CLANG_CXX_LANGUAGE_STANDARD = "gnu++20";
				CLANG_ENABLE_MODULES = YES;
				CLANG_ENABLE_OBJC_ARC = YES;
				CLANG_ENABLE_OBJC_WEAK = YES;
				CLANG_WARN_BLOCK_CAPTURE_AUTORELEASING = YES;
				CLANG_WARN_BOOL_CONVERSION = YES;
				CLANG_WARN_COMMA = YES;
				CLANG_WARN_CONSTANT_CONVERSION = YES;
				CLANG_WARN_DEPRECATED_OBJC_IMPLEMENTATIONS = YES;
				CLANG_WARN_DIRECT_OBJC_ISA_USAGE = YES_ERROR;
				CLANG_WARN_DOCUMENTATION_COMMENTS = YES;
				CLANG_WARN_EMPTY_BODY = YES;
				CLANG_WARN_ENUM_CONVERSION = YES;
				CLANG_WARN_INFINITE_RECURSION = YES;
				CLANG_WARN_INT_CONVERSION = YES;
				CLANG_WARN_NON_LITERAL_NULL_CONVERSION = YES;
				CLANG_WARN_OBJC_IMPLICIT_RETAIN_SELF = YES;
				CLANG_WARN_OBJC_LITERAL_CONVERSION = YES;
				CLANG_WARN_OBJC_ROOT_CLASS = YES_ERROR;
				CLANG_WARN_QUOTED_INCLUDE_IN_FRAMEWORK_HEADER = YES;
				CLANG_WARN_RANGE_LOOP_ANALYSIS = YES;
				CLANG_WARN_STRICT_PROTOTYPES = YES;
				CLANG_WARN_SUSPICIOUS_MOVE = YES;
				CLANG_WARN_UNGUARDED_AVAILABILITY = YES_AGGRESSIVE;
				CLANG_WARN_UNREACHABLE_CODE = YES;
				CLANG_WARN__DUPLICATE_METHOD_MATCH = YES;
				COPY_PHASE_STRIP = NO;
				DEBUG_INFORMATION_FORMAT = "dwarf-with-dsym";
				ENABLE_NS_ASSERTIONS = NO;
				ENABLE_STRICT_OBJC_MSGSEND = YES;
				GCC_C_LANGUAGE_STANDARD = gnu11;
				GCC_NO_COMMON_BLOCKS = YES;
				GCC_WARN_64_TO_32_BIT_CONVERSION = YES;
				GCC_WARN_ABOUT_RETURN_TYPE = YES_ERROR;
				GCC_WARN_UNDECLARED_SELECTOR = YES;
				GCC_WARN_UNINITIALIZED_AUTOS = YES_AGGRESSIVE;
				GCC_WARN_UNUSED_FUNCTION = YES;
				GCC_WARN_UNUSED_VARIABLE = YES;
				IPHONEOS_DEPLOYMENT_TARGET = 16.4;
				MTL_ENABLE_DEBUG_INFO = NO;
				MTL_FAST_MATH = YES;
				SDKROOT = iphoneos;
				SWIFT_COMPILATION_MODE = wholemodule;
				SWIFT_OPTIMIZATION_LEVEL = "-O";
				VALIDATE_PRODUCT = YES;
			};
			name = Release;
		};
		E10C0E302AAAEDBD00AEB220 /* Debug */ = {
			isa = XCBuildConfiguration;
			buildSettings = {
				ASSETCATALOG_COMPILER_APPICON_NAME = AppIcon;
				ASSETCATALOG_COMPILER_GLOBAL_ACCENT_COLOR_NAME = AccentColor;
				CODE_SIGN_STYLE = Automatic;
				CURRENT_PROJECT_VERSION = 1;
				DEVELOPMENT_ASSET_PATHS = "\"Prismm/Preview Content\"";
				ENABLE_PREVIEWS = YES;
				GENERATE_INFOPLIST_FILE = YES;
				INFOPLIST_FILE = Prismm/Info.plist;
				INFOPLIST_KEY_NSFaceIDUsageDescription = "Please proceed to allow fast login";
				INFOPLIST_KEY_UIApplicationSceneManifest_Generation = YES;
				INFOPLIST_KEY_UIApplicationSupportsIndirectInputEvents = YES;
				INFOPLIST_KEY_UILaunchScreen_Generation = YES;
				INFOPLIST_KEY_UISupportedInterfaceOrientations_iPad = "UIInterfaceOrientationPortrait UIInterfaceOrientationPortraitUpsideDown UIInterfaceOrientationLandscapeLeft UIInterfaceOrientationLandscapeRight";
				INFOPLIST_KEY_UISupportedInterfaceOrientations_iPhone = "UIInterfaceOrientationPortrait UIInterfaceOrientationLandscapeLeft UIInterfaceOrientationLandscapeRight";
				LD_RUNPATH_SEARCH_PATHS = (
					"$(inherited)",
					"@executable_path/Frameworks",
				);
				MARKETING_VERSION = 1.0;
				PRODUCT_BUNDLE_IDENTIFIER = mudoker.app.Prismm;
				PRODUCT_NAME = "$(TARGET_NAME)";
				SWIFT_EMIT_LOC_STRINGS = YES;
				SWIFT_VERSION = 5.0;
				TARGETED_DEVICE_FAMILY = "1,2";
			};
			name = Debug;
		};
		E10C0E312AAAEDBD00AEB220 /* Release */ = {
			isa = XCBuildConfiguration;
			buildSettings = {
				ASSETCATALOG_COMPILER_APPICON_NAME = AppIcon;
				ASSETCATALOG_COMPILER_GLOBAL_ACCENT_COLOR_NAME = AccentColor;
				CODE_SIGN_STYLE = Automatic;
				CURRENT_PROJECT_VERSION = 1;
				DEVELOPMENT_ASSET_PATHS = "\"Prismm/Preview Content\"";
				ENABLE_PREVIEWS = YES;
				GENERATE_INFOPLIST_FILE = YES;
				INFOPLIST_FILE = Prismm/Info.plist;
				INFOPLIST_KEY_NSFaceIDUsageDescription = "Please proceed to allow fast login";
				INFOPLIST_KEY_UIApplicationSceneManifest_Generation = YES;
				INFOPLIST_KEY_UIApplicationSupportsIndirectInputEvents = YES;
				INFOPLIST_KEY_UILaunchScreen_Generation = YES;
				INFOPLIST_KEY_UISupportedInterfaceOrientations_iPad = "UIInterfaceOrientationPortrait UIInterfaceOrientationPortraitUpsideDown UIInterfaceOrientationLandscapeLeft UIInterfaceOrientationLandscapeRight";
				INFOPLIST_KEY_UISupportedInterfaceOrientations_iPhone = "UIInterfaceOrientationPortrait UIInterfaceOrientationLandscapeLeft UIInterfaceOrientationLandscapeRight";
				LD_RUNPATH_SEARCH_PATHS = (
					"$(inherited)",
					"@executable_path/Frameworks",
				);
				MARKETING_VERSION = 1.0;
				PRODUCT_BUNDLE_IDENTIFIER = mudoker.app.Prismm;
				PRODUCT_NAME = "$(TARGET_NAME)";
				SWIFT_EMIT_LOC_STRINGS = YES;
				SWIFT_VERSION = 5.0;
				TARGETED_DEVICE_FAMILY = "1,2";
			};
			name = Release;
		};
/* End XCBuildConfiguration section */

/* Begin XCConfigurationList section */
		E10C0E1C2AAAEDBC00AEB220 /* Build configuration list for PBXProject "Prismm" */ = {
			isa = XCConfigurationList;
			buildConfigurations = (
				E10C0E2D2AAAEDBD00AEB220 /* Debug */,
				E10C0E2E2AAAEDBD00AEB220 /* Release */,
			);
			defaultConfigurationIsVisible = 0;
			defaultConfigurationName = Release;
		};
		E10C0E2F2AAAEDBD00AEB220 /* Build configuration list for PBXNativeTarget "Prismm" */ = {
			isa = XCConfigurationList;
			buildConfigurations = (
				E10C0E302AAAEDBD00AEB220 /* Debug */,
				E10C0E312AAAEDBD00AEB220 /* Release */,
			);
			defaultConfigurationIsVisible = 0;
			defaultConfigurationName = Release;
		};
/* End XCConfigurationList section */

/* Begin XCRemoteSwiftPackageReference section */
		9941534F2AAEC873001815C5 /* XCRemoteSwiftPackageReference "firebase-ios-sdk" */ = {
			isa = XCRemoteSwiftPackageReference;
			repositoryURL = "https://github.com/firebase/firebase-ios-sdk";
			requirement = {
				kind = upToNextMajorVersion;
				minimumVersion = 10.0.0;
			};
		};
/* End XCRemoteSwiftPackageReference section */

/* Begin XCSwiftPackageProductDependency section */
		994153502AAEC873001815C5 /* FirebaseAuth */ = {
			isa = XCSwiftPackageProductDependency;
			package = 9941534F2AAEC873001815C5 /* XCRemoteSwiftPackageReference "firebase-ios-sdk" */;
			productName = FirebaseAuth;
		};
		994153522AAEC873001815C5 /* FirebaseFirestore */ = {
			isa = XCSwiftPackageProductDependency;
			package = 9941534F2AAEC873001815C5 /* XCRemoteSwiftPackageReference "firebase-ios-sdk" */;
			productName = FirebaseFirestore;
		};
		994153542AAEC873001815C5 /* FirebaseFirestoreCombine-Community */ = {
			isa = XCSwiftPackageProductDependency;
			package = 9941534F2AAEC873001815C5 /* XCRemoteSwiftPackageReference "firebase-ios-sdk" */;
			productName = "FirebaseFirestoreCombine-Community";
		};
		994153562AAEC873001815C5 /* FirebaseFirestoreSwift */ = {
			isa = XCSwiftPackageProductDependency;
			package = 9941534F2AAEC873001815C5 /* XCRemoteSwiftPackageReference "firebase-ios-sdk" */;
			productName = FirebaseFirestoreSwift;
		};
		994153582AAEC873001815C5 /* FirebaseStorage */ = {
			isa = XCSwiftPackageProductDependency;
			package = 9941534F2AAEC873001815C5 /* XCRemoteSwiftPackageReference "firebase-ios-sdk" */;
			productName = FirebaseStorage;
		};
		9941535A2AAEC873001815C5 /* FirebaseStorageCombine-Community */ = {
			isa = XCSwiftPackageProductDependency;
			package = 9941534F2AAEC873001815C5 /* XCRemoteSwiftPackageReference "firebase-ios-sdk" */;
			productName = "FirebaseStorageCombine-Community";
		};
/* End XCSwiftPackageProductDependency section */
	};
	rootObject = E10C0E192AAAEDBC00AEB220 /* Project object */;
}
