// !$*UTF8*$!
{
	archiveVersion = 1;
	classes = {
	};
	objectVersion = 56;
	objects = {

/* Begin PBXBuildFile section */
		2FF0ACC42AAAFA3C0033AEEB /* ProfileView.swift in Sources */ = {isa = PBXBuildFile; fileRef = 2FF0ACC32AAAFA3C0033AEEB /* ProfileView.swift */; };
		2FF0ACC62AAB05120033AEEB /* ProfileToolBar.swift in Sources */ = {isa = PBXBuildFile; fileRef = 2FF0ACC52AAB05120033AEEB /* ProfileToolBar.swift */; };
		E10C0E292AAAEDBD00AEB220 /* Assets.xcassets in Resources */ = {isa = PBXBuildFile; fileRef = E10C0E282AAAEDBD00AEB220 /* Assets.xcassets */; };
		E10C0E2C2AAAEDBD00AEB220 /* Preview Assets.xcassets in Resources */ = {isa = PBXBuildFile; fileRef = E10C0E2B2AAAEDBD00AEB220 /* Preview Assets.xcassets */; };
		E10C0E412AAAF53E00AEB220 /* CustomTextField.swift in Sources */ = {isa = PBXBuildFile; fileRef = E10C0E402AAAF53E00AEB220 /* CustomTextField.swift */; };
		E10C0E432AAAFFA300AEB220 /* Login.swift in Sources */ = {isa = PBXBuildFile; fileRef = E10C0E422AAAFFA300AEB220 /* Login.swift */; };
		E10C0E452AAB1DDA00AEB220 /* SignUp.swift in Sources */ = {isa = PBXBuildFile; fileRef = E10C0E442AAB1DDA00AEB220 /* SignUp.swift */; };
		E12FA0262AAC2915007890A3 /* Main.swift in Sources */ = {isa = PBXBuildFile; fileRef = E12FA0252AAC2915007890A3 /* Main.swift */; };
		E12FA0292AAC2963007890A3 /* User.swift in Sources */ = {isa = PBXBuildFile; fileRef = E12FA0282AAC2963007890A3 /* User.swift */; };
		E12FA02B2AAC296D007890A3 /* Post.swift in Sources */ = {isa = PBXBuildFile; fileRef = E12FA02A2AAC296D007890A3 /* Post.swift */; };
		E12FA02D2AAC2976007890A3 /* Message.swift in Sources */ = {isa = PBXBuildFile; fileRef = E12FA02C2AAC2976007890A3 /* Message.swift */; };
		E12FA0302AAC29A0007890A3 /* AuthenticationViewModel.swift in Sources */ = {isa = PBXBuildFile; fileRef = E12FA02F2AAC29A0007890A3 /* AuthenticationViewModel.swift */; };
		E12FA0362AAC2EE3007890A3 /* HomeView.swift in Sources */ = {isa = PBXBuildFile; fileRef = E12FA0352AAC2EE3007890A3 /* HomeView.swift */; };
		E12FA0382AAC2EEE007890A3 /* PostView.swift in Sources */ = {isa = PBXBuildFile; fileRef = E12FA0372AAC2EEE007890A3 /* PostView.swift */; };
		E12FA03A2AAC2EFB007890A3 /* StoryView.swift in Sources */ = {isa = PBXBuildFile; fileRef = E12FA0392AAC2EFB007890A3 /* StoryView.swift */; };
		E17E8CDB2AAC496F00EF5EFB /* CustomAlertView.swift in Sources */ = {isa = PBXBuildFile; fileRef = E17E8CDA2AAC496F00EF5EFB /* CustomAlertView.swift */; };
		E19D96832AAB2C0000E2CFAC /* Extension+String.swift in Sources */ = {isa = PBXBuildFile; fileRef = E19D96822AAB2C0000E2CFAC /* Extension+String.swift */; };
		E1CED5132AAB42BB00F7F94E /* Constants.swift in Sources */ = {isa = PBXBuildFile; fileRef = E1CED5122AAB42BB00F7F94E /* Constants.swift */; };
/* End PBXBuildFile section */

/* Begin PBXFileReference section */
		2FF0ACC32AAAFA3C0033AEEB /* ProfileView.swift */ = {isa = PBXFileReference; lastKnownFileType = sourcecode.swift; path = ProfileView.swift; sourceTree = "<group>"; };
		2FF0ACC52AAB05120033AEEB /* ProfileToolBar.swift */ = {isa = PBXFileReference; lastKnownFileType = sourcecode.swift; path = ProfileToolBar.swift; sourceTree = "<group>"; };
		E10C0E212AAAEDBC00AEB220 /* Prismm.app */ = {isa = PBXFileReference; explicitFileType = wrapper.application; includeInIndex = 0; path = Prismm.app; sourceTree = BUILT_PRODUCTS_DIR; };
		E10C0E282AAAEDBD00AEB220 /* Assets.xcassets */ = {isa = PBXFileReference; lastKnownFileType = folder.assetcatalog; path = Assets.xcassets; sourceTree = "<group>"; };
		E10C0E2B2AAAEDBD00AEB220 /* Preview Assets.xcassets */ = {isa = PBXFileReference; lastKnownFileType = folder.assetcatalog; path = "Preview Assets.xcassets"; sourceTree = "<group>"; };
		E10C0E402AAAF53E00AEB220 /* CustomTextField.swift */ = {isa = PBXFileReference; lastKnownFileType = sourcecode.swift; path = CustomTextField.swift; sourceTree = "<group>"; };
		E10C0E422AAAFFA300AEB220 /* Login.swift */ = {isa = PBXFileReference; lastKnownFileType = sourcecode.swift; path = Login.swift; sourceTree = "<group>"; };
		E10C0E442AAB1DDA00AEB220 /* SignUp.swift */ = {isa = PBXFileReference; lastKnownFileType = sourcecode.swift; path = SignUp.swift; sourceTree = "<group>"; };
		E12FA0252AAC2915007890A3 /* Main.swift */ = {isa = PBXFileReference; lastKnownFileType = sourcecode.swift; path = Main.swift; sourceTree = "<group>"; };
		E12FA0282AAC2963007890A3 /* User.swift */ = {isa = PBXFileReference; lastKnownFileType = sourcecode.swift; path = User.swift; sourceTree = "<group>"; };
		E12FA02A2AAC296D007890A3 /* Post.swift */ = {isa = PBXFileReference; lastKnownFileType = sourcecode.swift; path = Post.swift; sourceTree = "<group>"; };
		E12FA02C2AAC2976007890A3 /* Message.swift */ = {isa = PBXFileReference; lastKnownFileType = sourcecode.swift; path = Message.swift; sourceTree = "<group>"; };
		E12FA02F2AAC29A0007890A3 /* AuthenticationViewModel.swift */ = {isa = PBXFileReference; lastKnownFileType = sourcecode.swift; path = AuthenticationViewModel.swift; sourceTree = "<group>"; };
		E12FA0352AAC2EE3007890A3 /* HomeView.swift */ = {isa = PBXFileReference; fileEncoding = 4; lastKnownFileType = sourcecode.swift; path = HomeView.swift; sourceTree = "<group>"; };
		E12FA0372AAC2EEE007890A3 /* PostView.swift */ = {isa = PBXFileReference; fileEncoding = 4; lastKnownFileType = sourcecode.swift; path = PostView.swift; sourceTree = "<group>"; };
		E12FA0392AAC2EFB007890A3 /* StoryView.swift */ = {isa = PBXFileReference; fileEncoding = 4; lastKnownFileType = sourcecode.swift; path = StoryView.swift; sourceTree = "<group>"; };
		E17CBF572AAB25DA004A97E7 /* Info.plist */ = {isa = PBXFileReference; lastKnownFileType = text.plist; path = Info.plist; sourceTree = "<group>"; };
		E17E8CDA2AAC496F00EF5EFB /* CustomAlertView.swift */ = {isa = PBXFileReference; lastKnownFileType = sourcecode.swift; path = CustomAlertView.swift; sourceTree = "<group>"; };
		E19D96822AAB2C0000E2CFAC /* Extension+String.swift */ = {isa = PBXFileReference; lastKnownFileType = sourcecode.swift; path = "Extension+String.swift"; sourceTree = "<group>"; };
		E1CED5122AAB42BB00F7F94E /* Constants.swift */ = {isa = PBXFileReference; lastKnownFileType = sourcecode.swift; path = Constants.swift; sourceTree = "<group>"; };
/* End PBXFileReference section */

/* Begin PBXFrameworksBuildPhase section */
		E10C0E1E2AAAEDBC00AEB220 /* Frameworks */ = {
			isa = PBXFrameworksBuildPhase;
			buildActionMask = 2147483647;
			files = (
			);
			runOnlyForDeploymentPostprocessing = 0;
		};
/* End PBXFrameworksBuildPhase section */

/* Begin PBXGroup section */
		E10C0E182AAAEDBC00AEB220 = {
			isa = PBXGroup;
			children = (
				E12FA0252AAC2915007890A3 /* Main.swift */,
				E10C0E232AAAEDBC00AEB220 /* Prismm */,
				E10C0E222AAAEDBC00AEB220 /* Products */,
			);
			sourceTree = "<group>";
		};
		E10C0E222AAAEDBC00AEB220 /* Products */ = {
			isa = PBXGroup;
			children = (
				E10C0E212AAAEDBC00AEB220 /* Prismm.app */,
			);
			name = Products;
			sourceTree = "<group>";
		};
		E10C0E232AAAEDBC00AEB220 /* Prismm */ = {
			isa = PBXGroup;
			children = (
				E1CED5112AAB42A700F7F94E /* Constants */,
				E19D96812AAB2BEE00E2CFAC /* Extensions */,
				E17CBF572AAB25DA004A97E7 /* Info.plist */,
				E10C0E342AAAEF5900AEB220 /* Utilities */,
				E10C0E332AAAEF4400AEB220 /* Components */,
				E10C0E322AAAEF3000AEB220 /* Assets */,
				E10C0E2A2AAAEDBD00AEB220 /* Preview Content */,
			);
			path = Prismm;
			sourceTree = "<group>";
		};
		E10C0E2A2AAAEDBD00AEB220 /* Preview Content */ = {
			isa = PBXGroup;
			children = (
				E10C0E2B2AAAEDBD00AEB220 /* Preview Assets.xcassets */,
			);
			path = "Preview Content";
			sourceTree = "<group>";
		};
		E10C0E322AAAEF3000AEB220 /* Assets */ = {
			isa = PBXGroup;
			children = (
				E10C0E282AAAEDBD00AEB220 /* Assets.xcassets */,
			);
			path = Assets;
			sourceTree = "<group>";
		};
		E10C0E332AAAEF4400AEB220 /* Components */ = {
			isa = PBXGroup;
			children = (
				E12FA02E2AAC298A007890A3 /* ViewModels */,
				E12FA0272AAC2953007890A3 /* Models */,
				E10C0E372AAAEF7C00AEB220 /* Custom */,
				E10C0E362AAAEF6E00AEB220 /* Views */,
			);
			path = Components;
			sourceTree = "<group>";
		};
		E10C0E342AAAEF5900AEB220 /* Utilities */ = {
			isa = PBXGroup;
			children = (
			);
			path = Utilities;
			sourceTree = "<group>";
		};
		E10C0E362AAAEF6E00AEB220 /* Views */ = {
			isa = PBXGroup;
			children = (
				E12FA0342AAC2EC7007890A3 /* Home */,
				E12FA0332AAC2EB7007890A3 /* Profile */,
				E12FA0312AAC2E9F007890A3 /* Authentication */,
			);
			path = Views;
			sourceTree = "<group>";
		};
		E10C0E372AAAEF7C00AEB220 /* Custom */ = {
			isa = PBXGroup;
			children = (
				E10C0E402AAAF53E00AEB220 /* CustomTextField.swift */,
				E17E8CDA2AAC496F00EF5EFB /* CustomAlertView.swift */,
			);
			path = Custom;
			sourceTree = "<group>";
		};
		E12FA0272AAC2953007890A3 /* Models */ = {
			isa = PBXGroup;
			children = (
				E12FA0282AAC2963007890A3 /* User.swift */,
				E12FA02C2AAC2976007890A3 /* Message.swift */,
				E12FA02A2AAC296D007890A3 /* Post.swift */,
			);
			path = Models;
			sourceTree = "<group>";
		};
		E12FA02E2AAC298A007890A3 /* ViewModels */ = {
			isa = PBXGroup;
			children = (
				E12FA02F2AAC29A0007890A3 /* AuthenticationViewModel.swift */,
			);
			path = ViewModels;
			sourceTree = "<group>";
		};
		E12FA0312AAC2E9F007890A3 /* Authentication */ = {
			isa = PBXGroup;
			children = (
				E10C0E422AAAFFA300AEB220 /* Login.swift */,
				E10C0E442AAB1DDA00AEB220 /* SignUp.swift */,
			);
			path = Authentication;
			sourceTree = "<group>";
		};
		E12FA0332AAC2EB7007890A3 /* Profile */ = {
			isa = PBXGroup;
			children = (
				2FF0ACC52AAB05120033AEEB /* ProfileToolBar.swift */,
				2FF0ACC32AAAFA3C0033AEEB /* ProfileView.swift */,
			);
			path = Profile;
			sourceTree = "<group>";
		};
		E12FA0342AAC2EC7007890A3 /* Home */ = {
			isa = PBXGroup;
			children = (
				E12FA0352AAC2EE3007890A3 /* HomeView.swift */,
				E12FA0372AAC2EEE007890A3 /* PostView.swift */,
				E12FA0392AAC2EFB007890A3 /* StoryView.swift */,
			);
			path = Home;
			sourceTree = "<group>";
		};
		E19D96812AAB2BEE00E2CFAC /* Extensions */ = {
			isa = PBXGroup;
			children = (
				E19D96822AAB2C0000E2CFAC /* Extension+String.swift */,
			);
			path = Extensions;
			sourceTree = "<group>";
		};
		E1CED5112AAB42A700F7F94E /* Constants */ = {
			isa = PBXGroup;
			children = (
				E1CED5122AAB42BB00F7F94E /* Constants.swift */,
			);
			path = Constants;
			sourceTree = "<group>";
		};
/* End PBXGroup section */

/* Begin PBXNativeTarget section */
		E10C0E202AAAEDBC00AEB220 /* Prismm */ = {
			isa = PBXNativeTarget;
			buildConfigurationList = E10C0E2F2AAAEDBD00AEB220 /* Build configuration list for PBXNativeTarget "Prismm" */;
			buildPhases = (
				E10C0E1D2AAAEDBC00AEB220 /* Sources */,
				E10C0E1E2AAAEDBC00AEB220 /* Frameworks */,
				E10C0E1F2AAAEDBC00AEB220 /* Resources */,
			);
			buildRules = (
			);
			dependencies = (
			);
			name = Prismm;
			productName = Prismm;
			productReference = E10C0E212AAAEDBC00AEB220 /* Prismm.app */;
			productType = "com.apple.product-type.application";
		};
/* End PBXNativeTarget section */

/* Begin PBXProject section */
		E10C0E192AAAEDBC00AEB220 /* Project object */ = {
			isa = PBXProject;
			attributes = {
				BuildIndependentTargetsInParallel = 1;
				LastSwiftUpdateCheck = 1430;
				LastUpgradeCheck = 1430;
				TargetAttributes = {
					E10C0E202AAAEDBC00AEB220 = {
						CreatedOnToolsVersion = 14.3.1;
					};
				};
			};
			buildConfigurationList = E10C0E1C2AAAEDBC00AEB220 /* Build configuration list for PBXProject "Prismm" */;
			compatibilityVersion = "Xcode 14.0";
			developmentRegion = en;
			hasScannedForEncodings = 0;
			knownRegions = (
				en,
				Base,
			);
			mainGroup = E10C0E182AAAEDBC00AEB220;
			productRefGroup = E10C0E222AAAEDBC00AEB220 /* Products */;
			projectDirPath = "";
			projectRoot = "";
			targets = (
				E10C0E202AAAEDBC00AEB220 /* Prismm */,
			);
		};
/* End PBXProject section */

/* Begin PBXResourcesBuildPhase section */
		E10C0E1F2AAAEDBC00AEB220 /* Resources */ = {
			isa = PBXResourcesBuildPhase;
			buildActionMask = 2147483647;
			files = (
				E10C0E2C2AAAEDBD00AEB220 /* Preview Assets.xcassets in Resources */,
				E10C0E292AAAEDBD00AEB220 /* Assets.xcassets in Resources */,
			);
			runOnlyForDeploymentPostprocessing = 0;
		};
/* End PBXResourcesBuildPhase section */

/* Begin PBXSourcesBuildPhase section */
		E10C0E1D2AAAEDBC00AEB220 /* Sources */ = {
			isa = PBXSourcesBuildPhase;
			buildActionMask = 2147483647;
			files = (
				E12FA0262AAC2915007890A3 /* Main.swift in Sources */,
				E12FA02B2AAC296D007890A3 /* Post.swift in Sources */,
				E10C0E412AAAF53E00AEB220 /* CustomTextField.swift in Sources */,
				E19D96832AAB2C0000E2CFAC /* Extension+String.swift in Sources */,
				E10C0E452AAB1DDA00AEB220 /* SignUp.swift in Sources */,
				E10C0E432AAAFFA300AEB220 /* Login.swift in Sources */,
				E12FA0362AAC2EE3007890A3 /* HomeView.swift in Sources */,
				E12FA03A2AAC2EFB007890A3 /* StoryView.swift in Sources */,
				E1CED5132AAB42BB00F7F94E /* Constants.swift in Sources */,
				E12FA0382AAC2EEE007890A3 /* PostView.swift in Sources */,
				E12FA0302AAC29A0007890A3 /* AuthenticationViewModel.swift in Sources */,
				2FF0ACC62AAB05120033AEEB /* ProfileToolBar.swift in Sources */,
				E12FA02D2AAC2976007890A3 /* Message.swift in Sources */,
				E12FA0292AAC2963007890A3 /* User.swift in Sources */,
				E17E8CDB2AAC496F00EF5EFB /* CustomAlertView.swift in Sources */,
				2FF0ACC42AAAFA3C0033AEEB /* ProfileView.swift in Sources */,
			);
			runOnlyForDeploymentPostprocessing = 0;
		};
/* End PBXSourcesBuildPhase section */

/* Begin XCBuildConfiguration section */
		E10C0E2D2AAAEDBD00AEB220 /* Debug */ = {
			isa = XCBuildConfiguration;
			buildSettings = {
				ALWAYS_SEARCH_USER_PATHS = NO;
				CLANG_ANALYZER_NONNULL = YES;
				CLANG_ANALYZER_NUMBER_OBJECT_CONVERSION = YES_AGGRESSIVE;
				CLANG_CXX_LANGUAGE_STANDARD = "gnu++20";
				CLANG_ENABLE_MODULES = YES;
				CLANG_ENABLE_OBJC_ARC = YES;
				CLANG_ENABLE_OBJC_WEAK = YES;
				CLANG_WARN_BLOCK_CAPTURE_AUTORELEASING = YES;
				CLANG_WARN_BOOL_CONVERSION = YES;
				CLANG_WARN_COMMA = YES;
				CLANG_WARN_CONSTANT_CONVERSION = YES;
				CLANG_WARN_DEPRECATED_OBJC_IMPLEMENTATIONS = YES;
				CLANG_WARN_DIRECT_OBJC_ISA_USAGE = YES_ERROR;
				CLANG_WARN_DOCUMENTATION_COMMENTS = YES;
				CLANG_WARN_EMPTY_BODY = YES;
				CLANG_WARN_ENUM_CONVERSION = YES;
				CLANG_WARN_INFINITE_RECURSION = YES;
				CLANG_WARN_INT_CONVERSION = YES;
				CLANG_WARN_NON_LITERAL_NULL_CONVERSION = YES;
				CLANG_WARN_OBJC_IMPLICIT_RETAIN_SELF = YES;
				CLANG_WARN_OBJC_LITERAL_CONVERSION = YES;
				CLANG_WARN_OBJC_ROOT_CLASS = YES_ERROR;
				CLANG_WARN_QUOTED_INCLUDE_IN_FRAMEWORK_HEADER = YES;
				CLANG_WARN_RANGE_LOOP_ANALYSIS = YES;
				CLANG_WARN_STRICT_PROTOTYPES = YES;
				CLANG_WARN_SUSPICIOUS_MOVE = YES;
				CLANG_WARN_UNGUARDED_AVAILABILITY = YES_AGGRESSIVE;
				CLANG_WARN_UNREACHABLE_CODE = YES;
				CLANG_WARN__DUPLICATE_METHOD_MATCH = YES;
				COPY_PHASE_STRIP = NO;
				DEBUG_INFORMATION_FORMAT = dwarf;
				ENABLE_STRICT_OBJC_MSGSEND = YES;
				ENABLE_TESTABILITY = YES;
				GCC_C_LANGUAGE_STANDARD = gnu11;
				GCC_DYNAMIC_NO_PIC = NO;
				GCC_NO_COMMON_BLOCKS = YES;
				GCC_OPTIMIZATION_LEVEL = 0;
				GCC_PREPROCESSOR_DEFINITIONS = (
					"DEBUG=1",
					"$(inherited)",
				);
				GCC_WARN_64_TO_32_BIT_CONVERSION = YES;
				GCC_WARN_ABOUT_RETURN_TYPE = YES_ERROR;
				GCC_WARN_UNDECLARED_SELECTOR = YES;
				GCC_WARN_UNINITIALIZED_AUTOS = YES_AGGRESSIVE;
				GCC_WARN_UNUSED_FUNCTION = YES;
				GCC_WARN_UNUSED_VARIABLE = YES;
				IPHONEOS_DEPLOYMENT_TARGET = 16.4;
				MTL_ENABLE_DEBUG_INFO = INCLUDE_SOURCE;
				MTL_FAST_MATH = YES;
				ONLY_ACTIVE_ARCH = YES;
				SDKROOT = iphoneos;
				SWIFT_ACTIVE_COMPILATION_CONDITIONS = DEBUG;
				SWIFT_OPTIMIZATION_LEVEL = "-Onone";
			};
			name = Debug;
		};
		E10C0E2E2AAAEDBD00AEB220 /* Release */ = {
			isa = XCBuildConfiguration;
			buildSettings = {
				ALWAYS_SEARCH_USER_PATHS = NO;
				CLANG_ANALYZER_NONNULL = YES;
				CLANG_ANALYZER_NUMBER_OBJECT_CONVERSION = YES_AGGRESSIVE;
				CLANG_CXX_LANGUAGE_STANDARD = "gnu++20";
				CLANG_ENABLE_MODULES = YES;
				CLANG_ENABLE_OBJC_ARC = YES;
				CLANG_ENABLE_OBJC_WEAK = YES;
				CLANG_WARN_BLOCK_CAPTURE_AUTORELEASING = YES;
				CLANG_WARN_BOOL_CONVERSION = YES;
				CLANG_WARN_COMMA = YES;
				CLANG_WARN_CONSTANT_CONVERSION = YES;
				CLANG_WARN_DEPRECATED_OBJC_IMPLEMENTATIONS = YES;
				CLANG_WARN_DIRECT_OBJC_ISA_USAGE = YES_ERROR;
				CLANG_WARN_DOCUMENTATION_COMMENTS = YES;
				CLANG_WARN_EMPTY_BODY = YES;
				CLANG_WARN_ENUM_CONVERSION = YES;
				CLANG_WARN_INFINITE_RECURSION = YES;
				CLANG_WARN_INT_CONVERSION = YES;
				CLANG_WARN_NON_LITERAL_NULL_CONVERSION = YES;
				CLANG_WARN_OBJC_IMPLICIT_RETAIN_SELF = YES;
				CLANG_WARN_OBJC_LITERAL_CONVERSION = YES;
				CLANG_WARN_OBJC_ROOT_CLASS = YES_ERROR;
				CLANG_WARN_QUOTED_INCLUDE_IN_FRAMEWORK_HEADER = YES;
				CLANG_WARN_RANGE_LOOP_ANALYSIS = YES;
				CLANG_WARN_STRICT_PROTOTYPES = YES;
				CLANG_WARN_SUSPICIOUS_MOVE = YES;
				CLANG_WARN_UNGUARDED_AVAILABILITY = YES_AGGRESSIVE;
				CLANG_WARN_UNREACHABLE_CODE = YES;
				CLANG_WARN__DUPLICATE_METHOD_MATCH = YES;
				COPY_PHASE_STRIP = NO;
				DEBUG_INFORMATION_FORMAT = "dwarf-with-dsym";
				ENABLE_NS_ASSERTIONS = NO;
				ENABLE_STRICT_OBJC_MSGSEND = YES;
				GCC_C_LANGUAGE_STANDARD = gnu11;
				GCC_NO_COMMON_BLOCKS = YES;
				GCC_WARN_64_TO_32_BIT_CONVERSION = YES;
				GCC_WARN_ABOUT_RETURN_TYPE = YES_ERROR;
				GCC_WARN_UNDECLARED_SELECTOR = YES;
				GCC_WARN_UNINITIALIZED_AUTOS = YES_AGGRESSIVE;
				GCC_WARN_UNUSED_FUNCTION = YES;
				GCC_WARN_UNUSED_VARIABLE = YES;
				IPHONEOS_DEPLOYMENT_TARGET = 16.4;
				MTL_ENABLE_DEBUG_INFO = NO;
				MTL_FAST_MATH = YES;
				SDKROOT = iphoneos;
				SWIFT_COMPILATION_MODE = wholemodule;
				SWIFT_OPTIMIZATION_LEVEL = "-O";
				VALIDATE_PRODUCT = YES;
			};
			name = Release;
		};
		E10C0E302AAAEDBD00AEB220 /* Debug */ = {
			isa = XCBuildConfiguration;
			buildSettings = {
				ASSETCATALOG_COMPILER_APPICON_NAME = AppIcon;
				ASSETCATALOG_COMPILER_GLOBAL_ACCENT_COLOR_NAME = AccentColor;
				CODE_SIGN_STYLE = Automatic;
				CURRENT_PROJECT_VERSION = 1;
				DEVELOPMENT_ASSET_PATHS = "\"Prismm/Preview Content\"";
				ENABLE_PREVIEWS = YES;
				GENERATE_INFOPLIST_FILE = YES;
				INFOPLIST_FILE = Prismm/Info.plist;
				INFOPLIST_KEY_NSFaceIDUsageDescription = "Please proceed to allow fast login";
				INFOPLIST_KEY_UIApplicationSceneManifest_Generation = YES;
				INFOPLIST_KEY_UIApplicationSupportsIndirectInputEvents = YES;
				INFOPLIST_KEY_UILaunchScreen_Generation = YES;
				INFOPLIST_KEY_UISupportedInterfaceOrientations_iPad = "UIInterfaceOrientationPortrait UIInterfaceOrientationPortraitUpsideDown UIInterfaceOrientationLandscapeLeft UIInterfaceOrientationLandscapeRight";
				INFOPLIST_KEY_UISupportedInterfaceOrientations_iPhone = "UIInterfaceOrientationPortrait UIInterfaceOrientationLandscapeLeft UIInterfaceOrientationLandscapeRight";
				LD_RUNPATH_SEARCH_PATHS = (
					"$(inherited)",
					"@executable_path/Frameworks",
				);
				MARKETING_VERSION = 1.0;
				PRODUCT_BUNDLE_IDENTIFIER = mudoker.app.Prismm;
				PRODUCT_NAME = "$(TARGET_NAME)";
				SWIFT_EMIT_LOC_STRINGS = YES;
				SWIFT_VERSION = 5.0;
				TARGETED_DEVICE_FAMILY = "1,2";
			};
			name = Debug;
		};
		E10C0E312AAAEDBD00AEB220 /* Release */ = {
			isa = XCBuildConfiguration;
			buildSettings = {
				ASSETCATALOG_COMPILER_APPICON_NAME = AppIcon;
				ASSETCATALOG_COMPILER_GLOBAL_ACCENT_COLOR_NAME = AccentColor;
				CODE_SIGN_STYLE = Automatic;
				CURRENT_PROJECT_VERSION = 1;
				DEVELOPMENT_ASSET_PATHS = "\"Prismm/Preview Content\"";
				ENABLE_PREVIEWS = YES;
				GENERATE_INFOPLIST_FILE = YES;
				INFOPLIST_FILE = Prismm/Info.plist;
				INFOPLIST_KEY_NSFaceIDUsageDescription = "Please proceed to allow fast login";
				INFOPLIST_KEY_UIApplicationSceneManifest_Generation = YES;
				INFOPLIST_KEY_UIApplicationSupportsIndirectInputEvents = YES;
				INFOPLIST_KEY_UILaunchScreen_Generation = YES;
				INFOPLIST_KEY_UISupportedInterfaceOrientations_iPad = "UIInterfaceOrientationPortrait UIInterfaceOrientationPortraitUpsideDown UIInterfaceOrientationLandscapeLeft UIInterfaceOrientationLandscapeRight";
				INFOPLIST_KEY_UISupportedInterfaceOrientations_iPhone = "UIInterfaceOrientationPortrait UIInterfaceOrientationLandscapeLeft UIInterfaceOrientationLandscapeRight";
				LD_RUNPATH_SEARCH_PATHS = (
					"$(inherited)",
					"@executable_path/Frameworks",
				);
				MARKETING_VERSION = 1.0;
				PRODUCT_BUNDLE_IDENTIFIER = mudoker.app.Prismm;
				PRODUCT_NAME = "$(TARGET_NAME)";
				SWIFT_EMIT_LOC_STRINGS = YES;
				SWIFT_VERSION = 5.0;
				TARGETED_DEVICE_FAMILY = "1,2";
			};
			name = Release;
		};
/* End XCBuildConfiguration section */

/* Begin XCConfigurationList section */
		E10C0E1C2AAAEDBC00AEB220 /* Build configuration list for PBXProject "Prismm" */ = {
			isa = XCConfigurationList;
			buildConfigurations = (
				E10C0E2D2AAAEDBD00AEB220 /* Debug */,
				E10C0E2E2AAAEDBD00AEB220 /* Release */,
			);
			defaultConfigurationIsVisible = 0;
			defaultConfigurationName = Release;
		};
		E10C0E2F2AAAEDBD00AEB220 /* Build configuration list for PBXNativeTarget "Prismm" */ = {
			isa = XCConfigurationList;
			buildConfigurations = (
				E10C0E302AAAEDBD00AEB220 /* Debug */,
				E10C0E312AAAEDBD00AEB220 /* Release */,
			);
			defaultConfigurationIsVisible = 0;
			defaultConfigurationName = Release;
		};
/* End XCConfigurationList section */
	};
	rootObject = E10C0E192AAAEDBC00AEB220 /* Project object */;
}
