// !$*UTF8*$!
{
	archiveVersion = 1;
	classes = {
	};
	objectVersion = 56;
	objects = {

/* Begin PBXBuildFile section */
		340FBBC72AAAF69500966EA8 /* Launch Screen.storyboard in Resources */ = {isa = PBXBuildFile; fileRef = 340FBBC62AAAF69500966EA8 /* Launch Screen.storyboard */; };
		3426AC7C2AAB02E600D69D63 /* progressBarController.swift in Sources */ = {isa = PBXBuildFile; fileRef = 3426AC7B2AAB02E600D69D63 /* progressBarController.swift */; };
		3426AC802AAB0F8A00D69D63 /* SplashScreen.swift in Sources */ = {isa = PBXBuildFile; fileRef = 3426AC7F2AAB0F8A00D69D63 /* SplashScreen.swift */; };
		3426AC832AAB228800D69D63 /* junegull rg.ttf in Resources */ = {isa = PBXBuildFile; fileRef = 3426AC822AAB228800D69D63 /* junegull rg.ttf */; };
		3426AC872AAB2CFE00D69D63 /* AllChat.swift in Sources */ = {isa = PBXBuildFile; fileRef = 3426AC862AAB2CFE00D69D63 /* AllChat.swift */; };
		3426AC892AABA65800D69D63 /* UserActiveChat.swift in Sources */ = {isa = PBXBuildFile; fileRef = 3426AC882AABA65800D69D63 /* UserActiveChat.swift */; };
		3426AC8B2AABB35E00D69D63 /* PreviewUserChat.swift in Sources */ = {isa = PBXBuildFile; fileRef = 3426AC8A2AABB35E00D69D63 /* PreviewUserChat.swift */; };
		3426AC8E2AABB6B100D69D63 /* SettingView.swift in Sources */ = {isa = PBXBuildFile; fileRef = 3426AC8D2AABB6B100D69D63 /* SettingView.swift */; };
		3426AC902AAD638100D69D63 /* PersonalChat.swift in Sources */ = {isa = PBXBuildFile; fileRef = 3426AC8F2AAD638100D69D63 /* PersonalChat.swift */; };
		3426AC932AAD9BB200D69D63 /* AboutUsView.swift in Sources */ = {isa = PBXBuildFile; fileRef = 3426AC922AAD9BB200D69D63 /* AboutUsView.swift */; };
		3426AC962AAD9DB700D69D63 /* CustomCorner.swift in Sources */ = {isa = PBXBuildFile; fileRef = 3426AC952AAD9DB700D69D63 /* CustomCorner.swift */; };
		3426AC982AADA12400D69D63 /* PersonalAboutUs.swift in Sources */ = {isa = PBXBuildFile; fileRef = 3426AC972AADA12400D69D63 /* PersonalAboutUs.swift */; };
		E10C0E252AAAEDBC00AEB220 /* PrismmApp.swift in Sources */ = {isa = PBXBuildFile; fileRef = E10C0E242AAAEDBC00AEB220 /* PrismmApp.swift */; };
		E10C0E272AAAEDBC00AEB220 /* ContentView.swift in Sources */ = {isa = PBXBuildFile; fileRef = E10C0E262AAAEDBC00AEB220 /* ContentView.swift */; };
		E10C0E292AAAEDBD00AEB220 /* Assets.xcassets in Resources */ = {isa = PBXBuildFile; fileRef = E10C0E282AAAEDBD00AEB220 /* Assets.xcassets */; };
		E10C0E2C2AAAEDBD00AEB220 /* Preview Assets.xcassets in Resources */ = {isa = PBXBuildFile; fileRef = E10C0E2B2AAAEDBD00AEB220 /* Preview Assets.xcassets */; };
		E10C0E392AAAF01C00AEB220 /* test1.swift in Sources */ = {isa = PBXBuildFile; fileRef = E10C0E382AAAF01C00AEB220 /* test1.swift */; };
		E10C0E3B2AAAF02400AEB220 /* test2.swift in Sources */ = {isa = PBXBuildFile; fileRef = E10C0E3A2AAAF02400AEB220 /* test2.swift */; };
		E10C0E3D2AAAF02C00AEB220 /* test3.swift in Sources */ = {isa = PBXBuildFile; fileRef = E10C0E3C2AAAF02C00AEB220 /* test3.swift */; };
		E10C0E3F2AAAF03400AEB220 /* testView.swift in Sources */ = {isa = PBXBuildFile; fileRef = E10C0E3E2AAAF03400AEB220 /* testView.swift */; };
/* End PBXBuildFile section */

/* Begin PBXFileReference section */
		340FBBC62AAAF69500966EA8 /* Launch Screen.storyboard */ = {isa = PBXFileReference; lastKnownFileType = file.storyboard; path = "Launch Screen.storyboard"; sourceTree = "<group>"; };
		3426AC7B2AAB02E600D69D63 /* progressBarController.swift */ = {isa = PBXFileReference; lastKnownFileType = sourcecode.swift; path = progressBarController.swift; sourceTree = "<group>"; };
		3426AC7F2AAB0F8A00D69D63 /* SplashScreen.swift */ = {isa = PBXFileReference; lastKnownFileType = sourcecode.swift; path = SplashScreen.swift; sourceTree = "<group>"; };
		3426AC822AAB228800D69D63 /* junegull rg.ttf */ = {isa = PBXFileReference; lastKnownFileType = file; path = "junegull rg.ttf"; sourceTree = "<group>"; };
		3426AC842AAB23DC00D69D63 /* Info.plist */ = {isa = PBXFileReference; lastKnownFileType = text.plist; path = Info.plist; sourceTree = "<group>"; };
		3426AC862AAB2CFE00D69D63 /* AllChat.swift */ = {isa = PBXFileReference; lastKnownFileType = sourcecode.swift; path = AllChat.swift; sourceTree = "<group>"; };
		3426AC882AABA65800D69D63 /* UserActiveChat.swift */ = {isa = PBXFileReference; lastKnownFileType = sourcecode.swift; path = UserActiveChat.swift; sourceTree = "<group>"; };
		3426AC8A2AABB35E00D69D63 /* PreviewUserChat.swift */ = {isa = PBXFileReference; lastKnownFileType = sourcecode.swift; path = PreviewUserChat.swift; sourceTree = "<group>"; };
		3426AC8D2AABB6B100D69D63 /* SettingView.swift */ = {isa = PBXFileReference; lastKnownFileType = sourcecode.swift; path = SettingView.swift; sourceTree = "<group>"; };
		3426AC8F2AAD638100D69D63 /* PersonalChat.swift */ = {isa = PBXFileReference; lastKnownFileType = sourcecode.swift; path = PersonalChat.swift; sourceTree = "<group>"; };
		3426AC922AAD9BB200D69D63 /* AboutUsView.swift */ = {isa = PBXFileReference; lastKnownFileType = sourcecode.swift; path = AboutUsView.swift; sourceTree = "<group>"; };
		3426AC952AAD9DB700D69D63 /* CustomCorner.swift */ = {isa = PBXFileReference; lastKnownFileType = sourcecode.swift; path = CustomCorner.swift; sourceTree = "<group>"; };
		3426AC972AADA12400D69D63 /* PersonalAboutUs.swift */ = {isa = PBXFileReference; lastKnownFileType = sourcecode.swift; path = PersonalAboutUs.swift; sourceTree = "<group>"; };
		E10C0E212AAAEDBC00AEB220 /* Prismm.app */ = {isa = PBXFileReference; explicitFileType = wrapper.application; includeInIndex = 0; path = Prismm.app; sourceTree = BUILT_PRODUCTS_DIR; };
		E10C0E242AAAEDBC00AEB220 /* PrismmApp.swift */ = {isa = PBXFileReference; lastKnownFileType = sourcecode.swift; path = PrismmApp.swift; sourceTree = "<group>"; };
		E10C0E262AAAEDBC00AEB220 /* ContentView.swift */ = {isa = PBXFileReference; lastKnownFileType = sourcecode.swift; path = ContentView.swift; sourceTree = "<group>"; };
		E10C0E282AAAEDBD00AEB220 /* Assets.xcassets */ = {isa = PBXFileReference; lastKnownFileType = folder.assetcatalog; path = Assets.xcassets; sourceTree = "<group>"; };
		E10C0E2B2AAAEDBD00AEB220 /* Preview Assets.xcassets */ = {isa = PBXFileReference; lastKnownFileType = folder.assetcatalog; path = "Preview Assets.xcassets"; sourceTree = "<group>"; };
		E10C0E382AAAF01C00AEB220 /* test1.swift */ = {isa = PBXFileReference; lastKnownFileType = sourcecode.swift; path = test1.swift; sourceTree = "<group>"; };
		E10C0E3A2AAAF02400AEB220 /* test2.swift */ = {isa = PBXFileReference; lastKnownFileType = sourcecode.swift; path = test2.swift; sourceTree = "<group>"; };
		E10C0E3C2AAAF02C00AEB220 /* test3.swift */ = {isa = PBXFileReference; lastKnownFileType = sourcecode.swift; path = test3.swift; sourceTree = "<group>"; };
		E10C0E3E2AAAF03400AEB220 /* testView.swift */ = {isa = PBXFileReference; lastKnownFileType = sourcecode.swift; path = testView.swift; sourceTree = "<group>"; };
/* End PBXFileReference section */

/* Begin PBXFrameworksBuildPhase section */
		E10C0E1E2AAAEDBC00AEB220 /* Frameworks */ = {
			isa = PBXFrameworksBuildPhase;
			buildActionMask = 2147483647;
			files = (
			);
			runOnlyForDeploymentPostprocessing = 0;
		};
/* End PBXFrameworksBuildPhase section */

/* Begin PBXGroup section */
		3426AC7D2AAB0F6900D69D63 /* LaunchScreen */ = {
			isa = PBXGroup;
			children = (
				340FBBC62AAAF69500966EA8 /* Launch Screen.storyboard */,
				3426AC7B2AAB02E600D69D63 /* progressBarController.swift */,
			);
			path = LaunchScreen;
			sourceTree = "<group>";
		};
		3426AC7E2AAB0F7B00D69D63 /* SplashScreen */ = {
			isa = PBXGroup;
			children = (
				3426AC7F2AAB0F8A00D69D63 /* SplashScreen.swift */,
			);
			path = SplashScreen;
			sourceTree = "<group>";
		};
		3426AC812AAB222B00D69D63 /* Font */ = {
			isa = PBXGroup;
			children = (
				3426AC822AAB228800D69D63 /* junegull rg.ttf */,
			);
			path = Font;
			sourceTree = "<group>";
		};
		3426AC852AAB2CE800D69D63 /* ChatView */ = {
			isa = PBXGroup;
			children = (
				3426AC862AAB2CFE00D69D63 /* AllChat.swift */,
				3426AC882AABA65800D69D63 /* UserActiveChat.swift */,
				3426AC8A2AABB35E00D69D63 /* PreviewUserChat.swift */,
				3426AC8F2AAD638100D69D63 /* PersonalChat.swift */,
			);
			path = ChatView;
			sourceTree = "<group>";
		};
		3426AC8C2AABB69400D69D63 /* SettingView */ = {
			isa = PBXGroup;
			children = (
				3426AC8D2AABB6B100D69D63 /* SettingView.swift */,
			);
			path = SettingView;
			sourceTree = "<group>";
		};
		3426AC912AAD9B8900D69D63 /* AboutUs */ = {
			isa = PBXGroup;
			children = (
				3426AC922AAD9BB200D69D63 /* AboutUsView.swift */,
				3426AC972AADA12400D69D63 /* PersonalAboutUs.swift */,
			);
			path = AboutUs;
			sourceTree = "<group>";
		};
		3426AC942AAD9D8300D69D63 /* Extentions */ = {
			isa = PBXGroup;
			children = (
				3426AC952AAD9DB700D69D63 /* CustomCorner.swift */,
			);
			path = Extentions;
			sourceTree = "<group>";
		};
		E10C0E182AAAEDBC00AEB220 = {
			isa = PBXGroup;
			children = (
				E10C0E232AAAEDBC00AEB220 /* Prismm */,
				E10C0E222AAAEDBC00AEB220 /* Products */,
			);
			sourceTree = "<group>";
		};
		E10C0E222AAAEDBC00AEB220 /* Products */ = {
			isa = PBXGroup;
			children = (
				E10C0E212AAAEDBC00AEB220 /* Prismm.app */,
			);
			name = Products;
			sourceTree = "<group>";
		};
		E10C0E232AAAEDBC00AEB220 /* Prismm */ = {
			isa = PBXGroup;
			children = (
				3426AC942AAD9D8300D69D63 /* Extentions */,
				3426AC842AAB23DC00D69D63 /* Info.plist */,
				3426AC812AAB222B00D69D63 /* Font */,
				E10C0E352AAAEF6500AEB220 /* Test */,
				E10C0E342AAAEF5900AEB220 /* Utilities */,
				E10C0E332AAAEF4400AEB220 /* Components */,
				E10C0E322AAAEF3000AEB220 /* Assets */,
				E10C0E242AAAEDBC00AEB220 /* PrismmApp.swift */,
				E10C0E262AAAEDBC00AEB220 /* ContentView.swift */,
				E10C0E2A2AAAEDBD00AEB220 /* Preview Content */,
			);
			path = Prismm;
			sourceTree = "<group>";
		};
		E10C0E2A2AAAEDBD00AEB220 /* Preview Content */ = {
			isa = PBXGroup;
			children = (
				E10C0E2B2AAAEDBD00AEB220 /* Preview Assets.xcassets */,
			);
			path = "Preview Content";
			sourceTree = "<group>";
		};
		E10C0E322AAAEF3000AEB220 /* Assets */ = {
			isa = PBXGroup;
			children = (
				E10C0E282AAAEDBD00AEB220 /* Assets.xcassets */,
			);
			path = Assets;
			sourceTree = "<group>";
		};
		E10C0E332AAAEF4400AEB220 /* Components */ = {
			isa = PBXGroup;
			children = (
				E10C0E372AAAEF7C00AEB220 /* Items */,
				E10C0E362AAAEF6E00AEB220 /* Screens */,
			);
			path = Components;
			sourceTree = "<group>";
		};
		E10C0E342AAAEF5900AEB220 /* Utilities */ = {
			isa = PBXGroup;
			children = (
				E10C0E3C2AAAF02C00AEB220 /* test3.swift */,
			);
			path = Utilities;
			sourceTree = "<group>";
		};
		E10C0E352AAAEF6500AEB220 /* Test */ = {
			isa = PBXGroup;
			children = (
				E10C0E3E2AAAF03400AEB220 /* testView.swift */,
			);
			path = Test;
			sourceTree = "<group>";
		};
		E10C0E362AAAEF6E00AEB220 /* Screens */ = {
			isa = PBXGroup;
			children = (
				3426AC912AAD9B8900D69D63 /* AboutUs */,
				3426AC8C2AABB69400D69D63 /* SettingView */,
				3426AC852AAB2CE800D69D63 /* ChatView */,
				3426AC7E2AAB0F7B00D69D63 /* SplashScreen */,
				3426AC7D2AAB0F6900D69D63 /* LaunchScreen */,
				E10C0E3A2AAAF02400AEB220 /* test2.swift */,
			);
			path = Screens;
			sourceTree = "<group>";
		};
		E10C0E372AAAEF7C00AEB220 /* Items */ = {
			isa = PBXGroup;
			children = (
				E10C0E382AAAF01C00AEB220 /* test1.swift */,
			);
			path = Items;
			sourceTree = "<group>";
		};
/* End PBXGroup section */

/* Begin PBXNativeTarget section */
		E10C0E202AAAEDBC00AEB220 /* Prismm */ = {
			isa = PBXNativeTarget;
			buildConfigurationList = E10C0E2F2AAAEDBD00AEB220 /* Build configuration list for PBXNativeTarget "Prismm" */;
			buildPhases = (
				E10C0E1D2AAAEDBC00AEB220 /* Sources */,
				E10C0E1E2AAAEDBC00AEB220 /* Frameworks */,
				E10C0E1F2AAAEDBC00AEB220 /* Resources */,
			);
			buildRules = (
			);
			dependencies = (
			);
			name = Prismm;
			productName = Prismm;
			productReference = E10C0E212AAAEDBC00AEB220 /* Prismm.app */;
			productType = "com.apple.product-type.application";
		};
/* End PBXNativeTarget section */

/* Begin PBXProject section */
		E10C0E192AAAEDBC00AEB220 /* Project object */ = {
			isa = PBXProject;
			attributes = {
				BuildIndependentTargetsInParallel = 1;
				LastSwiftUpdateCheck = 1430;
				LastUpgradeCheck = 1430;
				TargetAttributes = {
					E10C0E202AAAEDBC00AEB220 = {
						CreatedOnToolsVersion = 14.3.1;
					};
				};
			};
			buildConfigurationList = E10C0E1C2AAAEDBC00AEB220 /* Build configuration list for PBXProject "Prismm" */;
			compatibilityVersion = "Xcode 14.0";
			developmentRegion = en;
			hasScannedForEncodings = 0;
			knownRegions = (
				en,
				Base,
			);
			mainGroup = E10C0E182AAAEDBC00AEB220;
			productRefGroup = E10C0E222AAAEDBC00AEB220 /* Products */;
			projectDirPath = "";
			projectRoot = "";
			targets = (
				E10C0E202AAAEDBC00AEB220 /* Prismm */,
			);
		};
/* End PBXProject section */

/* Begin PBXResourcesBuildPhase section */
		E10C0E1F2AAAEDBC00AEB220 /* Resources */ = {
			isa = PBXResourcesBuildPhase;
			buildActionMask = 2147483647;
			files = (
				340FBBC72AAAF69500966EA8 /* Launch Screen.storyboard in Resources */,
				E10C0E2C2AAAEDBD00AEB220 /* Preview Assets.xcassets in Resources */,
				3426AC832AAB228800D69D63 /* junegull rg.ttf in Resources */,
				E10C0E292AAAEDBD00AEB220 /* Assets.xcassets in Resources */,
			);
			runOnlyForDeploymentPostprocessing = 0;
		};
/* End PBXResourcesBuildPhase section */

/* Begin PBXSourcesBuildPhase section */
		E10C0E1D2AAAEDBC00AEB220 /* Sources */ = {
			isa = PBXSourcesBuildPhase;
			buildActionMask = 2147483647;
			files = (
				3426AC8B2AABB35E00D69D63 /* PreviewUserChat.swift in Sources */,
				3426AC872AAB2CFE00D69D63 /* AllChat.swift in Sources */,
				3426AC902AAD638100D69D63 /* PersonalChat.swift in Sources */,
				3426AC802AAB0F8A00D69D63 /* SplashScreen.swift in Sources */,
				3426AC892AABA65800D69D63 /* UserActiveChat.swift in Sources */,
				E10C0E3B2AAAF02400AEB220 /* test2.swift in Sources */,
				3426AC962AAD9DB700D69D63 /* CustomCorner.swift in Sources */,
				3426AC982AADA12400D69D63 /* PersonalAboutUs.swift in Sources */,
				3426AC932AAD9BB200D69D63 /* AboutUsView.swift in Sources */,
				E10C0E3F2AAAF03400AEB220 /* testView.swift in Sources */,
				E10C0E272AAAEDBC00AEB220 /* ContentView.swift in Sources */,
				3426AC7C2AAB02E600D69D63 /* progressBarController.swift in Sources */,
				E10C0E392AAAF01C00AEB220 /* test1.swift in Sources */,
				3426AC8E2AABB6B100D69D63 /* SettingView.swift in Sources */,
				E10C0E252AAAEDBC00AEB220 /* PrismmApp.swift in Sources */,
				E10C0E3D2AAAF02C00AEB220 /* test3.swift in Sources */,
			);
			runOnlyForDeploymentPostprocessing = 0;
		};
/* End PBXSourcesBuildPhase section */

/* Begin XCBuildConfiguration section */
		E10C0E2D2AAAEDBD00AEB220 /* Debug */ = {
			isa = XCBuildConfiguration;
			buildSettings = {
				ALWAYS_SEARCH_USER_PATHS = NO;
				CLANG_ANALYZER_NONNULL = YES;
				CLANG_ANALYZER_NUMBER_OBJECT_CONVERSION = YES_AGGRESSIVE;
				CLANG_CXX_LANGUAGE_STANDARD = "gnu++20";
				CLANG_ENABLE_MODULES = YES;
				CLANG_ENABLE_OBJC_ARC = YES;
				CLANG_ENABLE_OBJC_WEAK = YES;
				CLANG_WARN_BLOCK_CAPTURE_AUTORELEASING = YES;
				CLANG_WARN_BOOL_CONVERSION = YES;
				CLANG_WARN_COMMA = YES;
				CLANG_WARN_CONSTANT_CONVERSION = YES;
				CLANG_WARN_DEPRECATED_OBJC_IMPLEMENTATIONS = YES;
				CLANG_WARN_DIRECT_OBJC_ISA_USAGE = YES_ERROR;
				CLANG_WARN_DOCUMENTATION_COMMENTS = YES;
				CLANG_WARN_EMPTY_BODY = YES;
				CLANG_WARN_ENUM_CONVERSION = YES;
				CLANG_WARN_INFINITE_RECURSION = YES;
				CLANG_WARN_INT_CONVERSION = YES;
				CLANG_WARN_NON_LITERAL_NULL_CONVERSION = YES;
				CLANG_WARN_OBJC_IMPLICIT_RETAIN_SELF = YES;
				CLANG_WARN_OBJC_LITERAL_CONVERSION = YES;
				CLANG_WARN_OBJC_ROOT_CLASS = YES_ERROR;
				CLANG_WARN_QUOTED_INCLUDE_IN_FRAMEWORK_HEADER = YES;
				CLANG_WARN_RANGE_LOOP_ANALYSIS = YES;
				CLANG_WARN_STRICT_PROTOTYPES = YES;
				CLANG_WARN_SUSPICIOUS_MOVE = YES;
				CLANG_WARN_UNGUARDED_AVAILABILITY = YES_AGGRESSIVE;
				CLANG_WARN_UNREACHABLE_CODE = YES;
				CLANG_WARN__DUPLICATE_METHOD_MATCH = YES;
				COPY_PHASE_STRIP = NO;
				DEBUG_INFORMATION_FORMAT = dwarf;
				ENABLE_STRICT_OBJC_MSGSEND = YES;
				ENABLE_TESTABILITY = YES;
				GCC_C_LANGUAGE_STANDARD = gnu11;
				GCC_DYNAMIC_NO_PIC = NO;
				GCC_NO_COMMON_BLOCKS = YES;
				GCC_OPTIMIZATION_LEVEL = 0;
				GCC_PREPROCESSOR_DEFINITIONS = (
					"DEBUG=1",
					"$(inherited)",
				);
				GCC_WARN_64_TO_32_BIT_CONVERSION = YES;
				GCC_WARN_ABOUT_RETURN_TYPE = YES_ERROR;
				GCC_WARN_UNDECLARED_SELECTOR = YES;
				GCC_WARN_UNINITIALIZED_AUTOS = YES_AGGRESSIVE;
				GCC_WARN_UNUSED_FUNCTION = YES;
				GCC_WARN_UNUSED_VARIABLE = YES;
				IPHONEOS_DEPLOYMENT_TARGET = 16.4;
				MTL_ENABLE_DEBUG_INFO = INCLUDE_SOURCE;
				MTL_FAST_MATH = YES;
				ONLY_ACTIVE_ARCH = YES;
				SDKROOT = iphoneos;
				SWIFT_ACTIVE_COMPILATION_CONDITIONS = DEBUG;
				SWIFT_OPTIMIZATION_LEVEL = "-Onone";
			};
			name = Debug;
		};
		E10C0E2E2AAAEDBD00AEB220 /* Release */ = {
			isa = XCBuildConfiguration;
			buildSettings = {
				ALWAYS_SEARCH_USER_PATHS = NO;
				CLANG_ANALYZER_NONNULL = YES;
				CLANG_ANALYZER_NUMBER_OBJECT_CONVERSION = YES_AGGRESSIVE;
				CLANG_CXX_LANGUAGE_STANDARD = "gnu++20";
				CLANG_ENABLE_MODULES = YES;
				CLANG_ENABLE_OBJC_ARC = YES;
				CLANG_ENABLE_OBJC_WEAK = YES;
				CLANG_WARN_BLOCK_CAPTURE_AUTORELEASING = YES;
				CLANG_WARN_BOOL_CONVERSION = YES;
				CLANG_WARN_COMMA = YES;
				CLANG_WARN_CONSTANT_CONVERSION = YES;
				CLANG_WARN_DEPRECATED_OBJC_IMPLEMENTATIONS = YES;
				CLANG_WARN_DIRECT_OBJC_ISA_USAGE = YES_ERROR;
				CLANG_WARN_DOCUMENTATION_COMMENTS = YES;
				CLANG_WARN_EMPTY_BODY = YES;
				CLANG_WARN_ENUM_CONVERSION = YES;
				CLANG_WARN_INFINITE_RECURSION = YES;
				CLANG_WARN_INT_CONVERSION = YES;
				CLANG_WARN_NON_LITERAL_NULL_CONVERSION = YES;
				CLANG_WARN_OBJC_IMPLICIT_RETAIN_SELF = YES;
				CLANG_WARN_OBJC_LITERAL_CONVERSION = YES;
				CLANG_WARN_OBJC_ROOT_CLASS = YES_ERROR;
				CLANG_WARN_QUOTED_INCLUDE_IN_FRAMEWORK_HEADER = YES;
				CLANG_WARN_RANGE_LOOP_ANALYSIS = YES;
				CLANG_WARN_STRICT_PROTOTYPES = YES;
				CLANG_WARN_SUSPICIOUS_MOVE = YES;
				CLANG_WARN_UNGUARDED_AVAILABILITY = YES_AGGRESSIVE;
				CLANG_WARN_UNREACHABLE_CODE = YES;
				CLANG_WARN__DUPLICATE_METHOD_MATCH = YES;
				COPY_PHASE_STRIP = NO;
				DEBUG_INFORMATION_FORMAT = "dwarf-with-dsym";
				ENABLE_NS_ASSERTIONS = NO;
				ENABLE_STRICT_OBJC_MSGSEND = YES;
				GCC_C_LANGUAGE_STANDARD = gnu11;
				GCC_NO_COMMON_BLOCKS = YES;
				GCC_WARN_64_TO_32_BIT_CONVERSION = YES;
				GCC_WARN_ABOUT_RETURN_TYPE = YES_ERROR;
				GCC_WARN_UNDECLARED_SELECTOR = YES;
				GCC_WARN_UNINITIALIZED_AUTOS = YES_AGGRESSIVE;
				GCC_WARN_UNUSED_FUNCTION = YES;
				GCC_WARN_UNUSED_VARIABLE = YES;
				IPHONEOS_DEPLOYMENT_TARGET = 16.4;
				MTL_ENABLE_DEBUG_INFO = NO;
				MTL_FAST_MATH = YES;
				SDKROOT = iphoneos;
				SWIFT_COMPILATION_MODE = wholemodule;
				SWIFT_OPTIMIZATION_LEVEL = "-O";
				VALIDATE_PRODUCT = YES;
			};
			name = Release;
		};
		E10C0E302AAAEDBD00AEB220 /* Debug */ = {
			isa = XCBuildConfiguration;
			buildSettings = {
				ASSETCATALOG_COMPILER_APPICON_NAME = AppIcon;
				ASSETCATALOG_COMPILER_GLOBAL_ACCENT_COLOR_NAME = AccentColor;
				ASSETCATALOG_COMPILER_INCLUDE_ALL_APPICON_ASSETS = YES;
				CODE_SIGN_STYLE = Automatic;
				CURRENT_PROJECT_VERSION = 1;
				DEVELOPMENT_ASSET_PATHS = "\"Prismm/Preview Content\"";
				ENABLE_PREVIEWS = YES;
				GENERATE_INFOPLIST_FILE = YES;
				INFOPLIST_FILE = Prismm/Info.plist;
				INFOPLIST_KEY_UIApplicationSceneManifest_Generation = YES;
				INFOPLIST_KEY_UIApplicationSupportsIndirectInputEvents = YES;
				INFOPLIST_KEY_UILaunchScreen_Generation = YES;
				INFOPLIST_KEY_UILaunchStoryboardName = "Launch Screen.storyboard";
				INFOPLIST_KEY_UISupportedInterfaceOrientations_iPad = "UIInterfaceOrientationPortrait UIInterfaceOrientationPortraitUpsideDown UIInterfaceOrientationLandscapeLeft UIInterfaceOrientationLandscapeRight";
				INFOPLIST_KEY_UISupportedInterfaceOrientations_iPhone = "UIInterfaceOrientationPortrait UIInterfaceOrientationLandscapeLeft UIInterfaceOrientationLandscapeRight";
				LD_RUNPATH_SEARCH_PATHS = (
					"$(inherited)",
					"@executable_path/Frameworks",
				);
				MARKETING_VERSION = 1.0;
				PRODUCT_BUNDLE_IDENTIFIER = mudoker.app.Prismm;
				PRODUCT_NAME = "$(TARGET_NAME)";
				SWIFT_EMIT_LOC_STRINGS = YES;
				SWIFT_VERSION = 5.0;
				TARGETED_DEVICE_FAMILY = "1,2";
			};
			name = Debug;
		};
		E10C0E312AAAEDBD00AEB220 /* Release */ = {
			isa = XCBuildConfiguration;
			buildSettings = {
				ASSETCATALOG_COMPILER_APPICON_NAME = AppIcon;
				ASSETCATALOG_COMPILER_GLOBAL_ACCENT_COLOR_NAME = AccentColor;
				ASSETCATALOG_COMPILER_INCLUDE_ALL_APPICON_ASSETS = YES;
				CODE_SIGN_STYLE = Automatic;
				CURRENT_PROJECT_VERSION = 1;
				DEVELOPMENT_ASSET_PATHS = "\"Prismm/Preview Content\"";
				ENABLE_PREVIEWS = YES;
				GENERATE_INFOPLIST_FILE = YES;
				INFOPLIST_FILE = Prismm/Info.plist;
				INFOPLIST_KEY_UIApplicationSceneManifest_Generation = YES;
				INFOPLIST_KEY_UIApplicationSupportsIndirectInputEvents = YES;
				INFOPLIST_KEY_UILaunchScreen_Generation = YES;
				INFOPLIST_KEY_UILaunchStoryboardName = "Launch Screen.storyboard";
				INFOPLIST_KEY_UISupportedInterfaceOrientations_iPad = "UIInterfaceOrientationPortrait UIInterfaceOrientationPortraitUpsideDown UIInterfaceOrientationLandscapeLeft UIInterfaceOrientationLandscapeRight";
				INFOPLIST_KEY_UISupportedInterfaceOrientations_iPhone = "UIInterfaceOrientationPortrait UIInterfaceOrientationLandscapeLeft UIInterfaceOrientationLandscapeRight";
				LD_RUNPATH_SEARCH_PATHS = (
					"$(inherited)",
					"@executable_path/Frameworks",
				);
				MARKETING_VERSION = 1.0;
				PRODUCT_BUNDLE_IDENTIFIER = mudoker.app.Prismm;
				PRODUCT_NAME = "$(TARGET_NAME)";
				SWIFT_EMIT_LOC_STRINGS = YES;
				SWIFT_VERSION = 5.0;
				TARGETED_DEVICE_FAMILY = "1,2";
			};
			name = Release;
		};
/* End XCBuildConfiguration section */

/* Begin XCConfigurationList section */
		E10C0E1C2AAAEDBC00AEB220 /* Build configuration list for PBXProject "Prismm" */ = {
			isa = XCConfigurationList;
			buildConfigurations = (
				E10C0E2D2AAAEDBD00AEB220 /* Debug */,
				E10C0E2E2AAAEDBD00AEB220 /* Release */,
			);
			defaultConfigurationIsVisible = 0;
			defaultConfigurationName = Release;
		};
		E10C0E2F2AAAEDBD00AEB220 /* Build configuration list for PBXNativeTarget "Prismm" */ = {
			isa = XCConfigurationList;
			buildConfigurations = (
				E10C0E302AAAEDBD00AEB220 /* Debug */,
				E10C0E312AAAEDBD00AEB220 /* Release */,
			);
			defaultConfigurationIsVisible = 0;
			defaultConfigurationName = Release;
		};
/* End XCConfigurationList section */
	};
	rootObject = E10C0E192AAAEDBC00AEB220 /* Project object */;
}
